{
  "version": 1,
  "dependencies": {
    "net10.0": {
      "Azure.Identity": {
        "type": "Direct",
        "requested": "[1.17.1, )",
        "resolved": "1.17.1",
        "contentHash": "MSZkBrctcpiGxs9Cvr2VKKoN6qFLZlP3I6xuCWJ9iTgitI5Rgxtk5gfOSpXPZE3+CJmZ/mnqpQyGyjawFn5Vvg==",
        "dependencies": {
          "Azure.Core": "1.50.0",
          "Microsoft.Identity.Client": "4.78.0",
          "Microsoft.Identity.Client.Extensions.Msal": "4.78.0"
        }
      },
      "Azure.Security.KeyVault.Secrets": {
        "type": "Direct",
        "requested": "[4.8.0, )",
        "resolved": "4.8.0",
        "contentHash": "tmcIgo+de2K5+PTBRNlnFLQFbmSoyuT9RpDr5MwKS6mIfNxLPQpARkRAP91r3tmeiJ9j/UCO0F+hTlk1Bk7HNQ==",
        "dependencies": {
          "Azure.Core": "1.46.2"
        }
      },
      "Microsoft.Identity.Client": {
        "type": "Direct",
        "requested": "[4.78.0, )",
        "resolved": "4.78.0",
        "contentHash": "vZ50HE9INSN+Ew8pCgTm0t7wzxQTqozF9L4MAsl64etXz0Teo0dbUvjpVzqDHRs6m1Vn8mHF04fGaxXrIvGpsg==",
        "dependencies": {
          "Microsoft.IdentityModel.Abstractions": "8.14.0"
        }
      },
      "Azure.Core": {
        "type": "Transitive",
        "resolved": "1.50.0",
        "contentHash": "GBNKZEhdIbTXxedvD3R7I/yDVFX9jJJEz02kCziFSJxspSQ5RMHc3GktulJ1s7+ffXaXD7kMgrtdQTaggyInLw==",
        "dependencies": {
          "Microsoft.Bcl.AsyncInterfaces": "8.0.0",
          "System.ClientModel": "1.8.0",
          "System.Memory.Data": "8.0.1"
        }
      },
      "Microsoft.Bcl.AsyncInterfaces": {
        "type": "Transitive",
        "resolved": "8.0.0",
        "contentHash": "3WA9q9yVqJp222P3x1wYIGDAkpjAku0TMUaaQV22g6L67AI0LdOIrVS7Ht2vJfLHGSPVuqN94vIr15qn+HEkHw=="
      },
      "Microsoft.Extensions.DependencyInjection.Abstractions": {
        "type": "Transitive",
        "resolved": "8.0.2",
        "contentHash": "3iE7UF7MQkCv1cxzCahz+Y/guQbTqieyxyaWKhrRO91itI9cOKO76OHeQDahqG4MmW5umr3CcCvGmK92lWNlbg=="
      },
      "Microsoft.Extensions.Logging.Abstractions": {
        "type": "Transitive",
        "resolved": "8.0.3",
        "contentHash": "dL0QGToTxggRLMYY4ZYX5AMwBb+byQBd/5dMiZE07Nv73o6I5Are3C7eQTh7K2+A4ct0PVISSr7TZANbiNb2yQ==",
        "dependencies": {
          "Microsoft.Extensions.DependencyInjection.Abstractions": "8.0.2"
        }
      },
      "Microsoft.Identity.Client.Extensions.Msal": {
        "type": "Transitive",
        "resolved": "4.78.0",
        "contentHash": "DYU9o+DrDQuyZxeq91GBA9eNqBvA3ZMkLzQpF7L9dTk6FcIBM1y1IHXWqiKXTvptPF7CZE59upbyUoa+FJ5eiA==",
        "dependencies": {
          "Microsoft.Identity.Client": "4.78.0",
          "System.Security.Cryptography.ProtectedData": "4.5.0"
        }
      },
      "Microsoft.IdentityModel.Abstractions": {
        "type": "Transitive",
        "resolved": "8.14.0",
        "contentHash": "iwbCpSjD3ehfTwBhtSNEtKPK0ICun6ov7Ibx6ISNA9bfwIyzI2Siwyi9eJFCJBwxowK9xcA1mj+jBWiigeqgcQ=="
      },
      "System.ClientModel": {
        "type": "Transitive",
        "resolved": "1.8.0",
        "contentHash": "AqRzhn0v29GGGLj/Z6gKq4lGNtvPHT4nHdG5PDJh9IfVjv/nYUVmX11hwwws1vDFeIAzrvmn0dPu8IjLtu6fAw==",
        "dependencies": {
          "Microsoft.Extensions.Logging.Abstractions": "8.0.3",
          "System.Memory.Data": "8.0.1"
        }
      },
      "System.Memory.Data": {
        "type": "Transitive",
        "resolved": "8.0.1",
        "contentHash": "BVYuec3jV23EMRDeR7Dr1/qhx7369dZzJ9IWy2xylvb4YfXsrUxspWc4UWYid/tj4zZK58uGZqn2WQiaDMhmAg=="
      },
      "System.Security.Cryptography.ProtectedData": {
        "type": "Transitive",
        "resolved": "4.5.0",
        "contentHash": "wLBKzFnDCxP12VL9ANydSYhk59fC4cvOr9ypYQLPnAj48NQIhqnjdD2yhP8yEKyBJEjERWS9DisKL7rX5eU25Q=="
      },
      "agentweaver.abstractions": {
        "type": "Project"
      }
    }
  }
}