{
  "version": 1,
  "dependencies": {
    "net10.0": {
      "Azure.Security.KeyVault.Secrets": {
        "type": "Direct",
        "requested": "[4.8.0, )",
        "resolved": "4.8.0",
        "contentHash": "tmcIgo+de2K5+PTBRNlnFLQFbmSoyuT9RpDr5MwKS6mIfNxLPQpARkRAP91r3tmeiJ9j/UCO0F+hTlk1Bk7HNQ==",
        "dependencies": {
          "Azure.Core": "1.46.2"
        }
      },
      "Azure.Core": {
        "type": "Transitive",
        "resolved": "1.46.2",
        "contentHash": "HFcvd1besmgBFPIZ7iSFHZOgzGfHTZNTzG8gWYdIP8ZJQySrb+vAdArcmFw7je3kFRMDbbtMoWKNVGj2vvH1sw==",
        "dependencies": {
          "Microsoft.Bcl.AsyncInterfaces": "8.0.0",
          "System.ClientModel": "1.4.2",
          "System.Memory.Data": "6.0.1"
        }
      },
      "Microsoft.Bcl.AsyncInterfaces": {
        "type": "Transitive",
        "resolved": "8.0.0",
        "contentHash": "3WA9q9yVqJp222P3x1wYIGDAkpjAku0TMUaaQV22g6L67AI0LdOIrVS7Ht2vJfLHGSPVuqN94vIr15qn+HEkHw=="
      },
      "Microsoft.Extensions.DependencyInjection.Abstractions": {
        "type": "Transitive",
        "resolved": "8.0.2",
        "contentHash": "3iE7UF7MQkCv1cxzCahz+Y/guQbTqieyxyaWKhrRO91itI9cOKO76OHeQDahqG4MmW5umr3CcCvGmK92lWNlbg=="
      },
      "Microsoft.Extensions.Logging.Abstractions": {
        "type": "Transitive",
        "resolved": "8.0.3",
        "contentHash": "dL0QGToTxggRLMYY4ZYX5AMwBb+byQBd/5dMiZE07Nv73o6I5Are3C7eQTh7K2+A4ct0PVISSr7TZANbiNb2yQ==",
        "dependencies": {
          "Microsoft.Extensions.DependencyInjection.Abstractions": "8.0.2"
        }
      },
      "System.ClientModel": {
        "type": "Transitive",
        "resolved": "1.4.2",
        "contentHash": "goGitN7trB9hoQ01dIpxaSYcruI+lGt/xq471AUv8irFvsIX+4HCqk1pDT/4ZPTLmU6ZUuNzhCb4MJAIwG7+Uw==",
        "dependencies": {
          "Microsoft.Extensions.Logging.Abstractions": "8.0.3",
          "System.Memory.Data": "6.0.1"
        }
      },
      "System.Memory.Data": {
        "type": "Transitive",
        "resolved": "6.0.1",
        "contentHash": "yliDgLh9S9Mcy5hBIdZmX6yphYIW3NH+3HN1kV1m7V1e0s7LNTw/tHNjJP4U9nSMEgl3w1TzYv/KA1Tg9NYy6w=="
      },
      "agentweaver.abstractions": {
        "type": "Project"
      }
    }
  }
}