
Microsoft Visual Studio Solution File, Format Version 12.00
# Visual Studio Version 17
VisualStudioVersion = 17.0.31903.59
MinimumVisualStudioVersion = 10.0.40219.1
Project("{2150E333-8FDC-42A3-9474-1A3956D46DE8}") = "packages", "packages", "{809F86A1-1C4C-B159-0CD4-DF9D33D876CE}"
EndProject
Project("{FAE04EC0-301F-11D3-BF4B-00C04F79EFBC}") = "Agentweaver.Domain", "packages\Agentweaver.Domain\Agentweaver.Domain.csproj", "{4C34E74C-AAA0-4EF3-A6FE-F810A48184B6}"
EndProject
Project("{FAE04EC0-301F-11D3-BF4B-00C04F79EFBC}") = "Agentweaver.SandboxFs", "packages\Agentweaver.SandboxFs\Agentweaver.SandboxFs.csproj", "{C0E931A0-6C1B-4C1E-9778-A2AF867FB19D}"
EndProject
Project("{FAE04EC0-301F-11D3-BF4B-00C04F79EFBC}") = "Agentweaver.AgentRuntime", "packages\Agentweaver.AgentRuntime\Agentweaver.AgentRuntime.csproj", "{2A6874E2-E7AB-458C-99FA-0D597644A2E7}"
EndProject
Project("{FAE04EC0-301F-11D3-BF4B-00C04F79EFBC}") = "Agentweaver.Api", "apps\Agentweaver.Api\Agentweaver.Api.csproj", "{EAF320FA-D4B7-45DE-B931-CB442356A54C}"
EndProject
Project("{2150E333-8FDC-42A3-9474-1A3956D46DE8}") = "tests", "tests", "{0AB3BF05-4346-4AA6-1389-037BE0695223}"
EndProject
Project("{FAE04EC0-301F-11D3-BF4B-00C04F79EFBC}") = "Agentweaver.Tests", "tests\Agentweaver.Tests\Agentweaver.Tests.csproj", "{53F2B14F-5D58-4120-BCF5-AE691B1ACC10}"
EndProject
Project("{FAE04EC0-301F-11D3-BF4B-00C04F79EFBC}") = "Agentweaver.SandboxExec", "packages\Agentweaver.SandboxExec\Agentweaver.SandboxExec.csproj", "{08DB3B0D-9477-49C7-8D90-479E3828A0E7}"
EndProject
Project("{FAE04EC0-301F-11D3-BF4B-00C04F79EFBC}") = "Agentweaver.AgentTools", "packages\Agentweaver.AgentTools\Agentweaver.AgentTools.csproj", "{6853D040-55F5-4E45-B27D-C5CD07269A0B}"
EndProject
Project("{FAE04EC0-301F-11D3-BF4B-00C04F79EFBC}") = "Agentweaver.Squad", "packages\Agentweaver.Squad\Agentweaver.Squad.csproj", "{39CA9F6D-B65F-4451-BF8A-195469F31512}"
EndProject
Project("{FAE04EC0-301F-11D3-BF4B-00C04F79EFBC}") = "Agentweaver.Mcp", "apps\Agentweaver.Mcp\Agentweaver.Mcp.csproj", "{7DFFADFC-1959-40F8-95DC-A6E30D8E608C}"
EndProject
Project("{2150E333-8FDC-42A3-9474-1A3956D46DE8}") = "apps", "apps", "{1787FE1D-075E-9E68-7218-25F1BD1BBEAB}"
EndProject
Global
	GlobalSection(SolutionConfigurationPlatforms) = preSolution
		Debug|Any CPU = Debug|Any CPU
		Debug|x64 = Debug|x64
		Debug|x86 = Debug|x86
		Release|Any CPU = Release|Any CPU
		Release|x64 = Release|x64
		Release|x86 = Release|x86
	EndGlobalSection
	GlobalSection(ProjectConfigurationPlatforms) = postSolution
		{4C34E74C-AAA0-4EF3-A6FE-F810A48184B6}.Debug|Any CPU.ActiveCfg = Debug|Any CPU
		{4C34E74C-AAA0-4EF3-A6FE-F810A48184B6}.Debug|Any CPU.Build.0 = Debug|Any CPU
		{4C34E74C-AAA0-4EF3-A6FE-F810A48184B6}.Debug|x64.ActiveCfg = Debug|Any CPU
		{4C34E74C-AAA0-4EF3-A6FE-F810A48184B6}.Debug|x64.Build.0 = Debug|Any CPU
		{4C34E74C-AAA0-4EF3-A6FE-F810A48184B6}.Debug|x86.ActiveCfg = Debug|Any CPU
		{4C34E74C-AAA0-4EF3-A6FE-F810A48184B6}.Debug|x86.Build.0 = Debug|Any CPU
		{4C34E74C-AAA0-4EF3-A6FE-F810A48184B6}.Release|Any CPU.ActiveCfg = Release|Any CPU
		{4C34E74C-AAA0-4EF3-A6FE-F810A48184B6}.Release|Any CPU.Build.0 = Release|Any CPU
		{4C34E74C-AAA0-4EF3-A6FE-F810A48184B6}.Release|x64.ActiveCfg = Release|Any CPU
		{4C34E74C-AAA0-4EF3-A6FE-F810A48184B6}.Release|x64.Build.0 = Release|Any CPU
		{4C34E74C-AAA0-4EF3-A6FE-F810A48184B6}.Release|x86.ActiveCfg = Release|Any CPU
		{4C34E74C-AAA0-4EF3-A6FE-F810A48184B6}.Release|x86.Build.0 = Release|Any CPU
		{C0E931A0-6C1B-4C1E-9778-A2AF867FB19D}.Debug|Any CPU.ActiveCfg = Debug|Any CPU
		{C0E931A0-6C1B-4C1E-9778-A2AF867FB19D}.Debug|Any CPU.Build.0 = Debug|Any CPU
		{C0E931A0-6C1B-4C1E-9778-A2AF867FB19D}.Debug|x64.ActiveCfg = Debug|Any CPU
		{C0E931A0-6C1B-4C1E-9778-A2AF867FB19D}.Debug|x64.Build.0 = Debug|Any CPU
		{C0E931A0-6C1B-4C1E-9778-A2AF867FB19D}.Debug|x86.ActiveCfg = Debug|Any CPU
		{C0E931A0-6C1B-4C1E-9778-A2AF867FB19D}.Debug|x86.Build.0 = Debug|Any CPU
		{C0E931A0-6C1B-4C1E-9778-A2AF867FB19D}.Release|Any CPU.ActiveCfg = Release|Any CPU
		{C0E931A0-6C1B-4C1E-9778-A2AF867FB19D}.Release|Any CPU.Build.0 = Release|Any CPU
		{C0E931A0-6C1B-4C1E-9778-A2AF867FB19D}.Release|x64.ActiveCfg = Release|Any CPU
		{C0E931A0-6C1B-4C1E-9778-A2AF867FB19D}.Release|x64.Build.0 = Release|Any CPU
		{C0E931A0-6C1B-4C1E-9778-A2AF867FB19D}.Release|x86.ActiveCfg = Release|Any CPU
		{C0E931A0-6C1B-4C1E-9778-A2AF867FB19D}.Release|x86.Build.0 = Release|Any CPU
		{2A6874E2-E7AB-458C-99FA-0D597644A2E7}.Debug|Any CPU.ActiveCfg = Debug|Any CPU
		{2A6874E2-E7AB-458C-99FA-0D597644A2E7}.Debug|Any CPU.Build.0 = Debug|Any CPU
		{2A6874E2-E7AB-458C-99FA-0D597644A2E7}.Debug|x64.ActiveCfg = Debug|Any CPU
		{2A6874E2-E7AB-458C-99FA-0D597644A2E7}.Debug|x64.Build.0 = Debug|Any CPU
		{2A6874E2-E7AB-458C-99FA-0D597644A2E7}.Debug|x86.ActiveCfg = Debug|Any CPU
		{2A6874E2-E7AB-458C-99FA-0D597644A2E7}.Debug|x86.Build.0 = Debug|Any CPU
		{2A6874E2-E7AB-458C-99FA-0D597644A2E7}.Release|Any CPU.ActiveCfg = Release|Any CPU
		{2A6874E2-E7AB-458C-99FA-0D597644A2E7}.Release|Any CPU.Build.0 = Release|Any CPU
		{2A6874E2-E7AB-458C-99FA-0D597644A2E7}.Release|x64.ActiveCfg = Release|Any CPU
		{2A6874E2-E7AB-458C-99FA-0D597644A2E7}.Release|x64.Build.0 = Release|Any CPU
		{2A6874E2-E7AB-458C-99FA-0D597644A2E7}.Release|x86.ActiveCfg = Release|Any CPU
		{2A6874E2-E7AB-458C-99FA-0D597644A2E7}.Release|x86.Build.0 = Release|Any CPU
		{EAF320FA-D4B7-45DE-B931-CB442356A54C}.Debug|Any CPU.ActiveCfg = Debug|Any CPU
		{EAF320FA-D4B7-45DE-B931-CB442356A54C}.Debug|Any CPU.Build.0 = Debug|Any CPU
		{EAF320FA-D4B7-45DE-B931-CB442356A54C}.Debug|x64.ActiveCfg = Debug|Any CPU
		{EAF320FA-D4B7-45DE-B931-CB442356A54C}.Debug|x64.Build.0 = Debug|Any CPU
		{EAF320FA-D4B7-45DE-B931-CB442356A54C}.Debug|x86.ActiveCfg = Debug|Any CPU
		{EAF320FA-D4B7-45DE-B931-CB442356A54C}.Debug|x86.Build.0 = Debug|Any CPU
		{EAF320FA-D4B7-45DE-B931-CB442356A54C}.Release|Any CPU.ActiveCfg = Release|Any CPU
		{EAF320FA-D4B7-45DE-B931-CB442356A54C}.Release|Any CPU.Build.0 = Release|Any CPU
		{EAF320FA-D4B7-45DE-B931-CB442356A54C}.Release|x64.ActiveCfg = Release|Any CPU
		{EAF320FA-D4B7-45DE-B931-CB442356A54C}.Release|x64.Build.0 = Release|Any CPU
		{EAF320FA-D4B7-45DE-B931-CB442356A54C}.Release|x86.ActiveCfg = Release|Any CPU
		{EAF320FA-D4B7-45DE-B931-CB442356A54C}.Release|x86.Build.0 = Release|Any CPU
		{53F2B14F-5D58-4120-BCF5-AE691B1ACC10}.Debug|Any CPU.ActiveCfg = Debug|Any CPU
		{53F2B14F-5D58-4120-BCF5-AE691B1ACC10}.Debug|Any CPU.Build.0 = Debug|Any CPU
		{53F2B14F-5D58-4120-BCF5-AE691B1ACC10}.Debug|x64.ActiveCfg = Debug|Any CPU
		{53F2B14F-5D58-4120-BCF5-AE691B1ACC10}.Debug|x64.Build.0 = Debug|Any CPU
		{53F2B14F-5D58-4120-BCF5-AE691B1ACC10}.Debug|x86.ActiveCfg = Debug|Any CPU
		{53F2B14F-5D58-4120-BCF5-AE691B1ACC10}.Debug|x86.Build.0 = Debug|Any CPU
		{53F2B14F-5D58-4120-BCF5-AE691B1ACC10}.Release|Any CPU.ActiveCfg = Release|Any CPU
		{53F2B14F-5D58-4120-BCF5-AE691B1ACC10}.Release|Any CPU.Build.0 = Release|Any CPU
		{53F2B14F-5D58-4120-BCF5-AE691B1ACC10}.Release|x64.ActiveCfg = Release|Any CPU
		{53F2B14F-5D58-4120-BCF5-AE691B1ACC10}.Release|x64.Build.0 = Release|Any CPU
		{53F2B14F-5D58-4120-BCF5-AE691B1ACC10}.Release|x86.ActiveCfg = Release|Any CPU
		{53F2B14F-5D58-4120-BCF5-AE691B1ACC10}.Release|x86.Build.0 = Release|Any CPU
		{08DB3B0D-9477-49C7-8D90-479E3828A0E7}.Debug|Any CPU.ActiveCfg = Debug|Any CPU
		{08DB3B0D-9477-49C7-8D90-479E3828A0E7}.Debug|Any CPU.Build.0 = Debug|Any CPU
		{08DB3B0D-9477-49C7-8D90-479E3828A0E7}.Debug|x64.ActiveCfg = Debug|Any CPU
		{08DB3B0D-9477-49C7-8D90-479E3828A0E7}.Debug|x64.Build.0 = Debug|Any CPU
		{08DB3B0D-9477-49C7-8D90-479E3828A0E7}.Debug|x86.ActiveCfg = Debug|Any CPU
		{08DB3B0D-9477-49C7-8D90-479E3828A0E7}.Debug|x86.Build.0 = Debug|Any CPU
		{08DB3B0D-9477-49C7-8D90-479E3828A0E7}.Release|Any CPU.ActiveCfg = Release|Any CPU
		{08DB3B0D-9477-49C7-8D90-479E3828A0E7}.Release|Any CPU.Build.0 = Release|Any CPU
		{08DB3B0D-9477-49C7-8D90-479E3828A0E7}.Release|x64.ActiveCfg = Release|Any CPU
		{08DB3B0D-9477-49C7-8D90-479E3828A0E7}.Release|x64.Build.0 = Release|Any CPU
		{08DB3B0D-9477-49C7-8D90-479E3828A0E7}.Release|x86.ActiveCfg = Release|Any CPU
		{08DB3B0D-9477-49C7-8D90-479E3828A0E7}.Release|x86.Build.0 = Release|Any CPU
		{6853D040-55F5-4E45-B27D-C5CD07269A0B}.Debug|Any CPU.ActiveCfg = Debug|Any CPU
		{6853D040-55F5-4E45-B27D-C5CD07269A0B}.Debug|Any CPU.Build.0 = Debug|Any CPU
		{6853D040-55F5-4E45-B27D-C5CD07269A0B}.Debug|x64.ActiveCfg = Debug|Any CPU
		{6853D040-55F5-4E45-B27D-C5CD07269A0B}.Debug|x64.Build.0 = Debug|Any CPU
		{6853D040-55F5-4E45-B27D-C5CD07269A0B}.Debug|x86.ActiveCfg = Debug|Any CPU
		{6853D040-55F5-4E45-B27D-C5CD07269A0B}.Debug|x86.Build.0 = Debug|Any CPU
		{6853D040-55F5-4E45-B27D-C5CD07269A0B}.Release|Any CPU.ActiveCfg = Release|Any CPU
		{6853D040-55F5-4E45-B27D-C5CD07269A0B}.Release|Any CPU.Build.0 = Release|Any CPU
		{6853D040-55F5-4E45-B27D-C5CD07269A0B}.Release|x64.ActiveCfg = Release|Any CPU
		{6853D040-55F5-4E45-B27D-C5CD07269A0B}.Release|x64.Build.0 = Release|Any CPU
		{6853D040-55F5-4E45-B27D-C5CD07269A0B}.Release|x86.ActiveCfg = Release|Any CPU
		{6853D040-55F5-4E45-B27D-C5CD07269A0B}.Release|x86.Build.0 = Release|Any CPU
		{39CA9F6D-B65F-4451-BF8A-195469F31512}.Debug|Any CPU.ActiveCfg = Debug|Any CPU
		{39CA9F6D-B65F-4451-BF8A-195469F31512}.Debug|Any CPU.Build.0 = Debug|Any CPU
		{39CA9F6D-B65F-4451-BF8A-195469F31512}.Debug|x64.ActiveCfg = Debug|Any CPU
		{39CA9F6D-B65F-4451-BF8A-195469F31512}.Debug|x64.Build.0 = Debug|Any CPU
		{39CA9F6D-B65F-4451-BF8A-195469F31512}.Debug|x86.ActiveCfg = Debug|Any CPU
		{39CA9F6D-B65F-4451-BF8A-195469F31512}.Debug|x86.Build.0 = Debug|Any CPU
		{39CA9F6D-B65F-4451-BF8A-195469F31512}.Release|Any CPU.ActiveCfg = Release|Any CPU
		{39CA9F6D-B65F-4451-BF8A-195469F31512}.Release|Any CPU.Build.0 = Release|Any CPU
		{39CA9F6D-B65F-4451-BF8A-195469F31512}.Release|x64.ActiveCfg = Release|Any CPU
		{39CA9F6D-B65F-4451-BF8A-195469F31512}.Release|x64.Build.0 = Release|Any CPU
		{39CA9F6D-B65F-4451-BF8A-195469F31512}.Release|x86.ActiveCfg = Release|Any CPU
		{39CA9F6D-B65F-4451-BF8A-195469F31512}.Release|x86.Build.0 = Release|Any CPU
		{7DFFADFC-1959-40F8-95DC-A6E30D8E608C}.Debug|Any CPU.ActiveCfg = Debug|Any CPU
		{7DFFADFC-1959-40F8-95DC-A6E30D8E608C}.Debug|Any CPU.Build.0 = Debug|Any CPU
		{7DFFADFC-1959-40F8-95DC-A6E30D8E608C}.Debug|x64.ActiveCfg = Debug|Any CPU
		{7DFFADFC-1959-40F8-95DC-A6E30D8E608C}.Debug|x64.Build.0 = Debug|Any CPU
		{7DFFADFC-1959-40F8-95DC-A6E30D8E608C}.Debug|x86.ActiveCfg = Debug|Any CPU
		{7DFFADFC-1959-40F8-95DC-A6E30D8E608C}.Debug|x86.Build.0 = Debug|Any CPU
		{7DFFADFC-1959-40F8-95DC-A6E30D8E608C}.Release|Any CPU.ActiveCfg = Release|Any CPU
		{7DFFADFC-1959-40F8-95DC-A6E30D8E608C}.Release|Any CPU.Build.0 = Release|Any CPU
		{7DFFADFC-1959-40F8-95DC-A6E30D8E608C}.Release|x64.ActiveCfg = Release|Any CPU
		{7DFFADFC-1959-40F8-95DC-A6E30D8E608C}.Release|x64.Build.0 = Release|Any CPU
		{7DFFADFC-1959-40F8-95DC-A6E30D8E608C}.Release|x86.ActiveCfg = Release|Any CPU
		{7DFFADFC-1959-40F8-95DC-A6E30D8E608C}.Release|x86.Build.0 = Release|Any CPU
	EndGlobalSection
	GlobalSection(SolutionProperties) = preSolution
		HideSolutionNode = FALSE
	EndGlobalSection
	GlobalSection(NestedProjects) = preSolution
		{4C34E74C-AAA0-4EF3-A6FE-F810A48184B6} = {809F86A1-1C4C-B159-0CD4-DF9D33D876CE}
		{C0E931A0-6C1B-4C1E-9778-A2AF867FB19D} = {809F86A1-1C4C-B159-0CD4-DF9D33D876CE}
		{2A6874E2-E7AB-458C-99FA-0D597644A2E7} = {809F86A1-1C4C-B159-0CD4-DF9D33D876CE}
		{EAF320FA-D4B7-45DE-B931-CB442356A54C} = {809F86A1-1C4C-B159-0CD4-DF9D33D876CE}
		{53F2B14F-5D58-4120-BCF5-AE691B1ACC10} = {0AB3BF05-4346-4AA6-1389-037BE0695223}
		{08DB3B0D-9477-49C7-8D90-479E3828A0E7} = {809F86A1-1C4C-B159-0CD4-DF9D33D876CE}
		{6853D040-55F5-4E45-B27D-C5CD07269A0B} = {809F86A1-1C4C-B159-0CD4-DF9D33D876CE}
		{39CA9F6D-B65F-4451-BF8A-195469F31512} = {809F86A1-1C4C-B159-0CD4-DF9D33D876CE}
		{7DFFADFC-1959-40F8-95DC-A6E30D8E608C} = {809F86A1-1C4C-B159-0CD4-DF9D33D876CE}
	EndGlobalSection
EndGlobal
