<Solution>
  <Project Path="services\events-and-sessions\Agentweaver.EventsAndSessions\Agentweaver.EventsAndSessions.csproj" />
  <Project Path="services\environment\Agentweaver.Environment\Agentweaver.Environment.csproj" />
  <Project Path="services\identity\Agentweaver.Identity.Broker\Agentweaver.Identity.Broker.csproj" />
  <Project Path="services\knowledge\Agentweaver.Knowledge\Agentweaver.Knowledge.csproj" />
  <Project Path="services\orchestrator\Agentweaver.Orchestrator.Core\Agentweaver.Orchestrator.Core.csproj" />
  <Project Path="services\orchestrator\Agentweaver.Orchestrator\Agentweaver.Orchestrator.csproj" />
  <Project Path="tests\Agentweaver.EventsAndSessions.Tests\Agentweaver.EventsAndSessions.Tests.csproj" />
  <Project Path="tests\Agentweaver.Environment.Tests\Agentweaver.Environment.Tests.csproj" />
  <Project Path="tests\Agentweaver.Knowledge.Tests\Agentweaver.Knowledge.Tests.csproj" />
  <Project Path="services\projects-config\Agentweaver.Projects.Config\Agentweaver.Projects.Config.csproj" />
  <Project Path="tests\Agentweaver.Identity.Broker.Tests\Agentweaver.Identity.Broker.Tests.csproj" />
  <Project Path="tests\Agentweaver.Orchestrator.Core.Tests\Agentweaver.Orchestrator.Core.Tests.csproj" />
  <Project Path="tests\Agentweaver.Projects.Config.Tests\Agentweaver.Projects.Config.Tests.csproj" />
  <Project Path="packages\Agentweaver.Abstractions\Agentweaver.Abstractions.csproj" />
  <Project Path="packages\Agentweaver.Providers\Agentweaver.Providers.csproj" />
  <Project Path="packages\Agentweaver.SourceControl\Agentweaver.SourceControl.csproj" />
  <Project Path="packages\Agentweaver.Persistence.Postgres\Agentweaver.Persistence.Postgres.csproj" />
  <Project Path="packages\Agentweaver.Secrets.AzureKeyVault\Agentweaver.Secrets.AzureKeyVault.csproj" />
  <Project Path="packages\Agentweaver.Telemetry\Agentweaver.Telemetry.csproj" />
  <Project Path="packages\Agentweaver.Telemetry.AzureMonitor\Agentweaver.Telemetry.AzureMonitor.csproj" />
  <Project Path="packages\Agentweaver.ObjectStore.AzureBlob\Agentweaver.ObjectStore.AzureBlob.csproj" />
  <Project Path="packages\Agentweaver.Identity\Agentweaver.Identity.csproj" />
  <Project Path="tests\Agentweaver.Providers.Tests\Agentweaver.Providers.Tests.csproj" />
  <Project Path="tests\Agentweaver.SourceControl.Tests\Agentweaver.SourceControl.Tests.csproj" />
  <Project Path="tests\Agentweaver.Persistence.Postgres.Tests\Agentweaver.Persistence.Postgres.Tests.csproj" />
  <Project Path="tests\Agentweaver.Secrets.AzureKeyVault.Tests\Agentweaver.Secrets.AzureKeyVault.Tests.csproj" />
  <Project Path="tests\Agentweaver.Telemetry.Tests\Agentweaver.Telemetry.Tests.csproj" />
  <Project Path="tests\Agentweaver.Telemetry.AzureMonitor.Tests\Agentweaver.Telemetry.AzureMonitor.Tests.csproj" />
  <Project Path="tests\Agentweaver.ObjectStore.AzureBlob.Tests\Agentweaver.ObjectStore.AzureBlob.Tests.csproj" />
  <Project Path="tests\Agentweaver.Identity.Tests\Agentweaver.Identity.Tests.csproj" />
  <Project Path="tools\Agentweaver.FoundationProbe\Agentweaver.FoundationProbe.csproj" />
  <Project Path="tools\IdentityPostgresTcpProxy\IdentityPostgresTcpProxy.csproj" />
  <Project Path="tests\Agentweaver.FoundationProbe.Tests\Agentweaver.FoundationProbe.Tests.csproj" />
  <Project Path="packages\Agentweaver.Providers.Storage.AzureFiles\Agentweaver.Providers.Storage.AzureFiles.csproj" />
  <Project Path="tests\Agentweaver.Providers.Storage.AzureFiles.Tests\Agentweaver.Providers.Storage.AzureFiles.Tests.csproj" />
</Solution>
