<Solution>
  <Project Path="services\identity\Agentweaver.Identity.Broker\Agentweaver.Identity.Broker.csproj" />
  <Project Path="tests\Agentweaver.Identity.Broker.Tests\Agentweaver.Identity.Broker.Tests.csproj" />
  <Project Path="packages\Agentweaver.Abstractions\Agentweaver.Abstractions.csproj" />
  <Project Path="packages\Agentweaver.Providers\Agentweaver.Providers.csproj" />
  <Project Path="packages\Agentweaver.Persistence.Postgres\Agentweaver.Persistence.Postgres.csproj" />
  <Project Path="packages\Agentweaver.Secrets.AzureKeyVault\Agentweaver.Secrets.AzureKeyVault.csproj" />
  <Project Path="packages\Agentweaver.Telemetry\Agentweaver.Telemetry.csproj" />
  <Project Path="packages\Agentweaver.Telemetry.AzureMonitor\Agentweaver.Telemetry.AzureMonitor.csproj" />
  <Project Path="packages\Agentweaver.ObjectStore.AzureBlob\Agentweaver.ObjectStore.AzureBlob.csproj" />
  <Project Path="packages\Agentweaver.Identity\Agentweaver.Identity.csproj" />
  <Project Path="tests\Agentweaver.Providers.Tests\Agentweaver.Providers.Tests.csproj" />
  <Project Path="tests\Agentweaver.Persistence.Postgres.Tests\Agentweaver.Persistence.Postgres.Tests.csproj" />
  <Project Path="tests\Agentweaver.Secrets.AzureKeyVault.Tests\Agentweaver.Secrets.AzureKeyVault.Tests.csproj" />
  <Project Path="tests\Agentweaver.Telemetry.Tests\Agentweaver.Telemetry.Tests.csproj" />
  <Project Path="tests\Agentweaver.Telemetry.AzureMonitor.Tests\Agentweaver.Telemetry.AzureMonitor.Tests.csproj" />
  <Project Path="tests\Agentweaver.ObjectStore.AzureBlob.Tests\Agentweaver.ObjectStore.AzureBlob.Tests.csproj" />
  <Project Path="tests\Agentweaver.Identity.Tests\Agentweaver.Identity.Tests.csproj" />
  <Project Path="tools\Agentweaver.FoundationProbe\Agentweaver.FoundationProbe.csproj" />
  <Project Path="tests\Agentweaver.FoundationProbe.Tests\Agentweaver.FoundationProbe.Tests.csproj" />
</Solution>
