{
  "version": 1,
  "dependencies": {
    "net10.0": {
      "LibGit2Sharp": {
        "type": "Direct",
        "requested": "[0.31.0, )",
        "resolved": "0.31.0",
        "contentHash": "b3+UfV7LjKMjAHWwl7VawejiOv2gJIC6dTCA/S0puLTHACAA/Oeb5JJmWUQMeyH/T/WR/LaIK8bk2RbdFnrZvg==",
        "dependencies": {
          "LibGit2Sharp.NativeBinaries": "[2.0.323]"
        }
      },
      "LibGit2Sharp.NativeBinaries": {
        "type": "Transitive",
        "resolved": "2.0.323",
        "contentHash": "Kg+fJGWhGj5qRXG0Ilj4ddhuodGXZg57yhfX6OVUDR0M2DKg/UR42/d74+qv5l1qotc1qJilo/ho7xQnULP6yA=="
      },
      "Microsoft.AgentGovernance": {
        "type": "Transitive",
        "resolved": "4.0.0",
        "contentHash": "+KFzoPekc2xJIrwyXvgul7l42ubb3E3YLgkVHR6B9QCvNO0v95t2Ww8S4sF0YV2cBTSAZHBrbKLipCLx98Mc8A==",
        "dependencies": {
          "YamlDotNet": "18.0.0"
        }
      },
      "Microsoft.Extensions.FileSystemGlobbing": {
        "type": "Transitive",
        "resolved": "10.0.11",
        "contentHash": "2i6rtW/B5rCnWCnhdmWWEmaM9O0HD0zsPY9eRqa++y4tclI3Uw8zvGbBvhY/LjAdtf8gUHhUPcAWj3DRlWMXmQ=="
      },
      "YamlDotNet": {
        "type": "Transitive",
        "resolved": "18.0.0",
        "contentHash": "ptHVgcYmLejGuWXV7RMFoEqFKYMXnieOlWLPzEslfDtzZ9ngMhjYwykfqjBN2+fMEAEyobozkj07lKEpR4dssA=="
      },
      "agentweaver.domain": {
        "type": "Project"
      },
      "agentweaver.sandboxfs": {
        "type": "Project",
        "dependencies": {
          "Agentweaver.Domain": "[1.0.0, )",
          "Microsoft.AgentGovernance": "[4.0.0, )",
          "Microsoft.Extensions.FileSystemGlobbing": "[10.0.11, )"
        }
      }
    }
  }
}