{
  "version": 1,
  "dependencies": {
    "net10.0": {
      "Azure.Monitor.OpenTelemetry.Exporter": {
        "type": "Direct",
        "requested": "[1.8.3, )",
        "resolved": "1.8.3",
        "contentHash": "hZ35hXxiRuJcT67u970iqqJ+z2ol3Sg23/m1wwNNh8uzK/48uB9iJ3va9PQ7gXn6kij6wzowUe5olPPfObkEug==",
        "dependencies": {
          "Azure.Core": "1.60.0",
          "OpenTelemetry.Extensions.Hosting": "1.15.3",
          "OpenTelemetry.PersistentStorage.FileSystem": "1.0.3"
        }
      },
      "Microsoft.Agents.AI.Hosting.A2A": {
        "type": "Direct",
        "requested": "[1.11.1-preview.260625.1, )",
        "resolved": "1.11.1-preview.260625.1",
        "contentHash": "6z927lRZlVFVxf/UvbTEazl8BCaHIvu/ek6SJd8+1dAOlivmhGitVXtG5GdOPdn5/BMsacd0iwCvzscZi3mjKA==",
        "dependencies": {
          "A2A": "1.0.0-preview2",
          "Microsoft.Agents.AI.Abstractions": "1.11.1",
          "Microsoft.Agents.AI.Hosting": "1.11.1-preview.260625.1",
          "Microsoft.Extensions.AI": "10.6.0",
          "Microsoft.Extensions.AI.Abstractions": "10.6.0",
          "Microsoft.Extensions.AI.Evaluation": "10.6.0",
          "Microsoft.Extensions.Compliance.Abstractions": "10.5.0",
          "Microsoft.Extensions.VectorData.Abstractions": "9.7.0",
          "Microsoft.ML.Tokenizers": "2.0.0",
          "OpenTelemetry.Api": "1.15.3"
        }
      },
      "Microsoft.Agents.AI.Hosting.A2A.AspNetCore": {
        "type": "Direct",
        "requested": "[1.11.1-preview.260625.1, )",
        "resolved": "1.11.1-preview.260625.1",
        "contentHash": "+8lQ0MsCh37m6Tu29CtxXsdgQSDQel9q4Z5AICQ0eWCGVGw6oYSyibwLz+X36IEepqVxDQczKnsL00QYNPl/dg==",
        "dependencies": {
          "A2A": "1.0.0-preview2",
          "A2A.AspNetCore": "1.0.0-preview2",
          "Microsoft.Agents.AI.Hosting.A2A": "1.11.1-preview.260625.1",
          "Microsoft.Agents.AI.Hosting.AspNetCore": "1.11.1-preview.260625.1",
          "Microsoft.Extensions.AI": "10.6.0",
          "Microsoft.Extensions.AI.Abstractions": "10.6.0",
          "Microsoft.Extensions.AI.Evaluation": "10.6.0",
          "Microsoft.Extensions.Compliance.Abstractions": "10.5.0",
          "Microsoft.Extensions.VectorData.Abstractions": "9.7.0",
          "Microsoft.ML.Tokenizers": "2.0.0",
          "OpenTelemetry.Api": "1.15.3"
        }
      },
      "Microsoft.Extensions.AI": {
        "type": "Direct",
        "requested": "[10.9.0, )",
        "resolved": "10.9.0",
        "contentHash": "ymREzi/+uQ9KL0d0ir3FXHUb/XLHyLYcJYH/7A/uO6rg6Km8hUk++nMRG4/gDpDYrrU6s6YIpSDTexofexMGRg==",
        "dependencies": {
          "Microsoft.Extensions.AI.Abstractions": "10.9.0",
          "System.Numerics.Tensors": "10.0.11"
        }
      },
      "OpenTelemetry.Extensions.Hosting": {
        "type": "Direct",
        "requested": "[1.17.0, )",
        "resolved": "1.17.0",
        "contentHash": "t1OwL/4qgboGMobYVT+UV5zgWnFqCp4Pw8lcsmzh8m2K8PQsTKkyxrC32tqYTMYny3GOW4q5cltE3dTVzLmRew==",
        "dependencies": {
          "OpenTelemetry": "1.17.0"
        }
      },
      "A2A": {
        "type": "Transitive",
        "resolved": "1.0.0-preview2",
        "contentHash": "sYFCdcwX/AdEoNSCCOWH8Upo+mmm82qDFXiwZqBBQoLhzQt4KCKvE8txmNaqGuNF8mSrfesSIuqf0rz7oPMl2Q==",
        "dependencies": {
          "Microsoft.Extensions.AI.Abstractions": "10.4.1"
        }
      },
      "A2A.AspNetCore": {
        "type": "Transitive",
        "resolved": "1.0.0-preview2",
        "contentHash": "x7E3BqcRrEtOJA21gu77DU2EL5HhWlYUmHYqg9Vjxq0UkqxIniDU3VdoMaZsSP5ock+MJhzZfivmYO+04RORBg==",
        "dependencies": {
          "A2A": "1.0.0-preview2"
        }
      },
      "Azure.AI.OpenAI": {
        "type": "Transitive",
        "resolved": "2.1.0",
        "contentHash": "doixr3tcsIcdzbzF9NxKt+6U0NKj6aPeOCPYONPsWjyf3gxVndVJAdjPcVdqeR/3vcRHXRgGnGlv+iXx5jMA4g==",
        "dependencies": {
          "Azure.Core": "1.44.1",
          "OpenAI": "2.1.0"
        }
      },
      "Azure.Core": {
        "type": "Transitive",
        "resolved": "1.60.0",
        "contentHash": "qCa5DLAq0w14aTl9/bvMZNA/QxPzYj1a4zakrpeudxWd4D4YliRHRfccD3yFECeHkMkvQjMmyWLggb8bzhDVKA==",
        "dependencies": {
          "Microsoft.Bcl.AsyncInterfaces": "10.0.9",
          "Microsoft.Identity.Client": "4.84.2",
          "Microsoft.Identity.Client.Extensions.Msal": "4.84.2",
          "System.ClientModel": "1.14.0",
          "System.Memory.Data": "10.0.9"
        }
      },
      "GitHub.Copilot.SDK": {
        "type": "Transitive",
        "resolved": "1.0.11",
        "contentHash": "92CcbAoPQ60Lr7ho7uO5uNYkkxlVux6AhsoZv2WbZz6DcXfvUihHaX8rxNdxM5xv1bIa/WrBE4EadZgJakp3Lw==",
        "dependencies": {
          "Microsoft.Extensions.AI.Abstractions": "10.2.0"
        }
      },
      "Google.Protobuf": {
        "type": "Transitive",
        "resolved": "3.30.2",
        "contentHash": "Y2aOVLIt75yeeEWigg9V9YnjsEm53sADtLGq0gLhwaXpk3iu8tYSoauolyhenagA2sWno2TQ2WujI0HQd6s1Vw=="
      },
      "Microsoft.AgentGovernance": {
        "type": "Transitive",
        "resolved": "4.0.0",
        "contentHash": "+KFzoPekc2xJIrwyXvgul7l42ubb3E3YLgkVHR6B9QCvNO0v95t2Ww8S4sF0YV2cBTSAZHBrbKLipCLx98Mc8A==",
        "dependencies": {
          "YamlDotNet": "18.0.0"
        }
      },
      "Microsoft.Agents.AI": {
        "type": "Transitive",
        "resolved": "1.19.0",
        "contentHash": "t8scDj5Qx0xUT8owJdUYBIwlEbSUBpYFAhtf0nfhERSWi3IQ8637gfOuZsvW3IIRsUSjq966fOgrJXjBp6R22A==",
        "dependencies": {
          "Microsoft.Agents.AI.Abstractions": "1.19.0",
          "Microsoft.Extensions.AI": "10.9.0",
          "Microsoft.Extensions.AI.Abstractions": "10.9.0",
          "Microsoft.Extensions.AI.Evaluation": "10.9.0",
          "Microsoft.Extensions.Compliance.Abstractions": "10.5.0",
          "Microsoft.Extensions.VectorData.Abstractions": "10.7.0",
          "Microsoft.ML.Tokenizers": "2.0.0"
        }
      },
      "Microsoft.Agents.AI.A2A": {
        "type": "Transitive",
        "resolved": "1.19.0-preview.260822.1",
        "contentHash": "TWaF3GZ0D4iRofaqH2q0dxLmJfZangZAxwONfbCdWWXKKfQVpc3H59CA3c7hmICpGIn7ztOeVxDqce7jYRdfLw==",
        "dependencies": {
          "A2A": "1.0.0-preview2",
          "Microsoft.Agents.AI.Abstractions": "1.19.0",
          "Microsoft.Extensions.AI.Abstractions": "10.9.0"
        }
      },
      "Microsoft.Agents.AI.Abstractions": {
        "type": "Transitive",
        "resolved": "1.19.0",
        "contentHash": "Aw/MMRWjuics4Ryuv3qqj7Bvrv8KCQmKI7X5EQLoR77YJE4gpD8lOh/6GkLzWS1kZwyA1T04V7jgCMw2DCVyEQ==",
        "dependencies": {
          "Microsoft.Extensions.AI.Abstractions": "10.9.0"
        }
      },
      "Microsoft.Agents.AI.GitHub.Copilot": {
        "type": "Transitive",
        "resolved": "1.19.0",
        "contentHash": "CsA7ffseMFLJ3yVSR7svpRPKCX5jsqN6t9dTT+y9vv87T384yx5Wb/XnlMMN698w85gpQ/dyHB6oGPl4KgP8wA==",
        "dependencies": {
          "GitHub.Copilot.SDK": "1.0.5",
          "Microsoft.Agents.AI.Abstractions": "1.19.0",
          "Microsoft.Extensions.AI.Abstractions": "10.9.0"
        }
      },
      "Microsoft.Agents.AI.Hosting": {
        "type": "Transitive",
        "resolved": "1.11.1-preview.260625.1",
        "contentHash": "gcYpqzzUArrELv3goTzy0JozbsEYJTiQ6FaC4OePAs2nibiDbKzGGm2UNB/BbjSzF7i/m8QTfCRX2pGvnZZvSg==",
        "dependencies": {
          "Microsoft.Agents.AI": "1.11.1",
          "Microsoft.Agents.AI.Abstractions": "1.11.1",
          "Microsoft.Agents.AI.Workflows": "1.11.1",
          "Microsoft.Extensions.AI": "10.6.0",
          "Microsoft.Extensions.AI.Abstractions": "10.6.0",
          "Microsoft.Extensions.AI.Evaluation": "10.6.0",
          "Microsoft.Extensions.Compliance.Abstractions": "10.5.0",
          "Microsoft.Extensions.VectorData.Abstractions": "9.7.0",
          "Microsoft.ML.Tokenizers": "2.0.0",
          "OpenTelemetry.Api": "1.15.3"
        }
      },
      "Microsoft.Agents.AI.Hosting.AspNetCore": {
        "type": "Transitive",
        "resolved": "1.11.1-preview.260625.1",
        "contentHash": "QowlglsVRygWGT8cl9R5k0HTjJ+Pmg6R5BV3uPSXYCdejXiFhHSF71aR0V+CDxIhMqJswIzyCT45tQGRJd0hRw==",
        "dependencies": {
          "Microsoft.Agents.AI.Hosting": "1.11.1-preview.260625.1",
          "Microsoft.Extensions.AI": "10.6.0",
          "Microsoft.Extensions.AI.Abstractions": "10.6.0",
          "Microsoft.Extensions.AI.Evaluation": "10.6.0",
          "Microsoft.Extensions.Compliance.Abstractions": "10.5.0",
          "Microsoft.Extensions.VectorData.Abstractions": "9.7.0",
          "Microsoft.ML.Tokenizers": "2.0.0",
          "OpenTelemetry.Api": "1.15.3"
        }
      },
      "Microsoft.Agents.AI.Workflows": {
        "type": "Transitive",
        "resolved": "1.19.0",
        "contentHash": "1klIJHO9CwEP8RaUGGGrjXdlYcRnp5uxTSkqjbUzR/zr6ZlHuPvSCav+27MzIi76Jubud0SWTqbi1rYRbnfRIw==",
        "dependencies": {
          "Microsoft.Agents.AI": "1.19.0",
          "Microsoft.Agents.AI.Abstractions": "1.19.0",
          "Microsoft.Extensions.AI": "10.9.0",
          "Microsoft.Extensions.AI.Abstractions": "10.9.0",
          "Microsoft.Extensions.AI.Evaluation": "10.9.0",
          "Microsoft.Extensions.Compliance.Abstractions": "10.5.0",
          "Microsoft.Extensions.VectorData.Abstractions": "10.7.0",
          "Microsoft.ML.Tokenizers": "2.0.0",
          "OpenTelemetry.Api": "1.15.3"
        }
      },
      "Microsoft.Bcl.AsyncInterfaces": {
        "type": "Transitive",
        "resolved": "10.0.9",
        "contentHash": "Aq7M8lG6BrHeatqKqncVm9m55ec34k6nnfPRLe/PvGg+b/pAsRM2ejofeKmCLjTXMa+5NGXm382f8CG/D5WDow=="
      },
      "Microsoft.Extensions.AI.Abstractions": {
        "type": "Transitive",
        "resolved": "10.9.0",
        "contentHash": "//nASHMCJVxnYfE/WSzfaLOao6/q816kPpgB9rxU0gfSmAny1u3rfQT0D4xAmcIo4yQqJs7rAeBB+M/dIMdZYA=="
      },
      "Microsoft.Extensions.AI.Evaluation": {
        "type": "Transitive",
        "resolved": "10.9.0",
        "contentHash": "X1W8yH63os/Me/5+ipZLmgRXjZJDJ1kUHxYRWxqP3c/DezHfSHD+Qf5nKgN1EHIY9GYqkIBTvtPEC8Hs+t4KBQ==",
        "dependencies": {
          "Microsoft.Extensions.AI.Abstractions": "10.9.0"
        }
      },
      "Microsoft.Extensions.AI.OpenAI": {
        "type": "Transitive",
        "resolved": "10.9.0",
        "contentHash": "1e2eO85ZpSBKarCTwRf1PmZJVGF09UJ23314bTmdxjFvY5LyHgeZNXcDU5S89upwnuGUbJSSnW8DXK3ntqbsMw==",
        "dependencies": {
          "Microsoft.Extensions.AI.Abstractions": "10.9.0",
          "OpenAI": "[2.12.0, 2.13.0)"
        }
      },
      "Microsoft.Extensions.Compliance.Abstractions": {
        "type": "Transitive",
        "resolved": "10.5.0",
        "contentHash": "xbWZji13Vb2jDJNtwVrKpI09jd8x3n3fL+GzhiLK+8O5Wc2A+GyqCZalST2fV46Pf0QfCwkXf83y+3/rDkCd7A=="
      },
      "Microsoft.Extensions.VectorData.Abstractions": {
        "type": "Transitive",
        "resolved": "10.7.0",
        "contentHash": "eh0JLxoztc9Wz7TrFVRQyotMY9CBh2t22lMPvzy61yaBDDFBsrisrFOD4NId2z/ujwsHVKDtyfDb9tkXwSV5Vw==",
        "dependencies": {
          "Microsoft.Extensions.AI.Abstractions": "10.7.0"
        }
      },
      "Microsoft.Identity.Client": {
        "type": "Transitive",
        "resolved": "4.84.2",
        "contentHash": "Va9FjmABSgj/lcUfHH0pBNQkmS7SNyepz2ERV7Yynp6QgEYpFdSqR6Vzy1WWipN8GS5pBHuXoZbqaDWuARCrHQ==",
        "dependencies": {
          "Microsoft.IdentityModel.Abstractions": "8.14.0"
        }
      },
      "Microsoft.Identity.Client.Extensions.Msal": {
        "type": "Transitive",
        "resolved": "4.84.2",
        "contentHash": "+D98LaU3dOu/Nzs6kgbBJapMvH7iwYcAeC99XwSkpmEadsPv6rozecOl9P6m4A3RfpOuPt9e6J6TwwUUp3+M4w==",
        "dependencies": {
          "Microsoft.Identity.Client": "4.84.2",
          "System.Security.Cryptography.ProtectedData": "4.5.0"
        }
      },
      "Microsoft.IdentityModel.Abstractions": {
        "type": "Transitive",
        "resolved": "8.14.0",
        "contentHash": "iwbCpSjD3ehfTwBhtSNEtKPK0ICun6ov7Ibx6ISNA9bfwIyzI2Siwyi9eJFCJBwxowK9xcA1mj+jBWiigeqgcQ=="
      },
      "Microsoft.ML.Tokenizers": {
        "type": "Transitive",
        "resolved": "2.0.0",
        "contentHash": "+b8lT4cLLO/sBR2hjvE/qG6qrZG15h7/PBvnIrzTh4xDaAxdHUY6449rC+1pHzQUsBiCHZVbj+VMn+xS0sL7TA==",
        "dependencies": {
          "Google.Protobuf": "3.30.2"
        }
      },
      "ModelContextProtocol": {
        "type": "Transitive",
        "resolved": "0.3.0-preview.2",
        "contentHash": "tC4pwKzNPFXFqyqhAcq40QnkSF+md29UKGsaDkF9Pw8oinWqFoC3Nr9AF+YbpIWo8Jc6Nz9S7+LuJwqpZWfLOw==",
        "dependencies": {
          "ModelContextProtocol.Core": "0.3.0-preview.2"
        }
      },
      "ModelContextProtocol.Core": {
        "type": "Transitive",
        "resolved": "0.3.0-preview.2",
        "contentHash": "pM25u8vx2RximQMIU9/b0Nwg201SI4B87wNgaxO3FhAksWFbL7ApRcNdYnyj8qfwEdAY+wIksdYoIBcyb5Aipw==",
        "dependencies": {
          "Microsoft.Extensions.AI.Abstractions": "9.6.0"
        }
      },
      "NuGet.Versioning": {
        "type": "Transitive",
        "resolved": "6.13.2",
        "contentHash": "pGYNyvCVM+Z9jITTiJiuxFC8oJXFdh2k25ZDV4tSAOSuKyAWvh1VcfJy0WZGWdI6J7Avkbl0qra7XENYFSy4Ng=="
      },
      "OpenAI": {
        "type": "Transitive",
        "resolved": "2.12.0",
        "contentHash": "rKyVV0sJPo7pn0Ya5dgRs5ggGbjvnKcYSvYV2jITKgFIfeo2XHjgyi6UqNT/OnF0YBqjsNpPdgM6QjzYczWplg==",
        "dependencies": {
          "System.ClientModel": "1.14.0"
        }
      },
      "OpenTelemetry": {
        "type": "Transitive",
        "resolved": "1.17.0",
        "contentHash": "rMLOTftlMlTm7+MSrvXDHnJRjVkROFNKXHZrYjOsX+LankaFG7QSflx7qRRGjoqZoirohnxmJQ7GEb9occO4Gg==",
        "dependencies": {
          "OpenTelemetry.Api.ProviderBuilderExtensions": "1.17.0"
        }
      },
      "OpenTelemetry.Api": {
        "type": "Transitive",
        "resolved": "1.17.0",
        "contentHash": "mSBxzomZgHIJu9CyVNqyDu/n2JHEtqVgfcCD1Br0cV5iLYogjZOMqhlVLt99PEp+0KGBNUR3GXgeOdN2GR3F9g=="
      },
      "OpenTelemetry.Api.ProviderBuilderExtensions": {
        "type": "Transitive",
        "resolved": "1.17.0",
        "contentHash": "Xgc3Qf9B9TFMFpx6exTdGqMWuYIT2miNzkdMPutVvT9YuMFaEovXWke1Gb6z8NxYaQbbGF38vYLuSg1JCeui5Q==",
        "dependencies": {
          "OpenTelemetry.Api": "1.17.0"
        }
      },
      "OpenTelemetry.PersistentStorage.Abstractions": {
        "type": "Transitive",
        "resolved": "1.0.3",
        "contentHash": "7nSE1uLY0KOHRssg1xQydDZJ/s9zECOzFT/gSDIp1KTxbgd1yziuMTsdBKZ/N1BbpUxfH6Pjq5OMd7lYogwReA=="
      },
      "OpenTelemetry.PersistentStorage.FileSystem": {
        "type": "Transitive",
        "resolved": "1.0.3",
        "contentHash": "3k+yCroJcGBtZIia+0LgzMlBuD0U95BzcWNEGWedusBaRAD8EmkaCPAUwaCtFbb/Mg7HywbIG2zuenANPYFJ0g==",
        "dependencies": {
          "OpenTelemetry.PersistentStorage.Abstractions": "1.0.3"
        }
      },
      "Porta.Pty": {
        "type": "Transitive",
        "resolved": "1.0.7",
        "contentHash": "ARvF8LQTu9qPK7O+i9Mb0bZPuYTt7tdBhhFdCq3FmghIEasJYN3hHToKX6uWaSI6SEOpe2kmhinV74RzdN6gJg==",
        "dependencies": {
          "Vanara.PInvoke.Kernel32": "4.2.1"
        }
      },
      "Sabbour.Mxc.Sdk": {
        "type": "Transitive",
        "resolved": "0.1.2",
        "contentHash": "2YCLNowN+QRJR1YxvtzpcBIOTKsIWGj1hIyS7X0aBosoBXYASf7EN91Bq1HPpDKg3dLH6svkl2Eho2ytOtrjTg==",
        "dependencies": {
          "NuGet.Versioning": "6.13.2",
          "Porta.Pty": "1.0.7"
        }
      },
      "System.ClientModel": {
        "type": "Transitive",
        "resolved": "1.14.0",
        "contentHash": "yhIJHDW3Hh5kcvhHv3ww1T8qvya06Nlwo/SR/rke4/fHXtyKiqQV/9b/VDhnVI7QUcMnpfvh4pIEFhNsTDLeKQ==",
        "dependencies": {
          "System.Memory.Data": "10.0.3"
        }
      },
      "System.Memory.Data": {
        "type": "Transitive",
        "resolved": "10.0.9",
        "contentHash": "YweovHiLUoEdbr2Xv8eRqCSkTu1vMms4a6xBHaQiMSFVy32PL+hXv6Vhol2NWOmLHjaVgTyhJ3R52U6JxS6w3Q=="
      },
      "System.Numerics.Tensors": {
        "type": "Transitive",
        "resolved": "10.0.11",
        "contentHash": "4jNNt67NhCqf3bf2FN0mrsC+EH60L7Sny6poqVeiviB27Kw7TQzMmgn8HIaPc8E9EcuGusUyfeu21gLfzcBpDA=="
      },
      "System.Security.Cryptography.ProtectedData": {
        "type": "Transitive",
        "resolved": "4.5.0",
        "contentHash": "wLBKzFnDCxP12VL9ANydSYhk59fC4cvOr9ypYQLPnAj48NQIhqnjdD2yhP8yEKyBJEjERWS9DisKL7rX5eU25Q=="
      },
      "Vanara.Core": {
        "type": "Transitive",
        "resolved": "4.2.1",
        "contentHash": "S6Hk/up/27HfKK2PaXx0oWE8szV0dktT0u2n5xL7iNFbS/zC7K7ZA7i1h6I8LpHwQNbvPddWewb/mSEmZl00/Q=="
      },
      "Vanara.PInvoke.Kernel32": {
        "type": "Transitive",
        "resolved": "4.2.1",
        "contentHash": "RDHekPrUI+u8+3Iy6/X7wV+TDTSf+OwWLhmWhQBUgk2QfK6a0jjWzJvxowC6NQXCHk18s7z3cFaoQXlnbMymqg==",
        "dependencies": {
          "Vanara.Core": "4.2.1",
          "Vanara.PInvoke.Shared": "4.2.1"
        }
      },
      "Vanara.PInvoke.Shared": {
        "type": "Transitive",
        "resolved": "4.2.1",
        "contentHash": "EVLvS02V6mL3xWo4cMv0OCo5H3uVR0eWxb0TtfcoI/SVaCKYWi1F000nax+uuEBJGmS90cfpYDvsgPn408b2ag==",
        "dependencies": {
          "Vanara.Core": "4.2.1"
        }
      },
      "YamlDotNet": {
        "type": "Transitive",
        "resolved": "18.0.0",
        "contentHash": "ptHVgcYmLejGuWXV7RMFoEqFKYMXnieOlWLPzEslfDtzZ9ngMhjYwykfqjBN2+fMEAEyobozkj07lKEpR4dssA=="
      },
      "agentweaver.agentruntime": {
        "type": "Project",
        "dependencies": {
          "Agentweaver.AgentTools": "[1.0.0, )",
          "Agentweaver.Domain": "[1.0.0, )",
          "Agentweaver.SandboxExec": "[1.0.0, )",
          "Agentweaver.SandboxFs": "[1.0.0, )",
          "Azure.AI.OpenAI": "[2.1.0, )",
          "GitHub.Copilot.SDK": "[1.0.11, )",
          "Microsoft.AgentGovernance": "[4.0.0, 5.0.0)",
          "Microsoft.Agents.AI.A2A": "[1.19.0-preview.260822.1, )",
          "Microsoft.Agents.AI.GitHub.Copilot": "[1.19.0, )",
          "Microsoft.Agents.AI.Workflows": "[1.19.0, )",
          "Microsoft.Extensions.AI": "[10.9.0, )",
          "Microsoft.Extensions.AI.OpenAI": "[10.9.0, )",
          "ModelContextProtocol": "[0.3.0-preview.2, )"
        }
      },
      "agentweaver.agenttools": {
        "type": "Project",
        "dependencies": {
          "Agentweaver.Domain": "[1.0.0, )",
          "Agentweaver.SandboxExec": "[1.0.0, )",
          "Agentweaver.SandboxFs": "[1.0.0, )",
          "Microsoft.Extensions.AI": "[10.9.0, )"
        }
      },
      "agentweaver.domain": {
        "type": "Project"
      },
      "agentweaver.sandboxexec": {
        "type": "Project",
        "dependencies": {
          "Agentweaver.Domain": "[1.0.0, )",
          "Agentweaver.SandboxFs": "[1.0.0, )",
          "Sabbour.Mxc.Sdk": "[0.1.2, )"
        }
      },
      "agentweaver.sandboxfs": {
        "type": "Project",
        "dependencies": {
          "Agentweaver.Domain": "[1.0.0, )",
          "Microsoft.AgentGovernance": "[4.0.0, )"
        }
      }
    }
  }
}