{
  "version": 1,
  "dependencies": {
    "net10.0": {
      "Microsoft.AgentGovernance": {
        "type": "Direct",
        "requested": "[4.0.0, )",
        "resolved": "4.0.0",
        "contentHash": "+KFzoPekc2xJIrwyXvgul7l42ubb3E3YLgkVHR6B9QCvNO0v95t2Ww8S4sF0YV2cBTSAZHBrbKLipCLx98Mc8A==",
        "dependencies": {
          "YamlDotNet": "18.0.0"
        }
      },
      "Microsoft.Extensions.FileSystemGlobbing": {
        "type": "Direct",
        "requested": "[10.0.11, )",
        "resolved": "10.0.11",
        "contentHash": "2i6rtW/B5rCnWCnhdmWWEmaM9O0HD0zsPY9eRqa++y4tclI3Uw8zvGbBvhY/LjAdtf8gUHhUPcAWj3DRlWMXmQ=="
      },
      "YamlDotNet": {
        "type": "Transitive",
        "resolved": "18.0.0",
        "contentHash": "ptHVgcYmLejGuWXV7RMFoEqFKYMXnieOlWLPzEslfDtzZ9ngMhjYwykfqjBN2+fMEAEyobozkj07lKEpR4dssA=="
      },
      "agentweaver.domain": {
        "type": "Project"
      }
    }
  }
}