{
  "version": 1,
  "dependencies": {
    "net10.0": {
      "Microsoft.AgentGovernance": {
        "type": "Direct",
        "requested": "[5.0.0, )",
        "resolved": "5.0.0",
        "contentHash": "Iy3gSXMo1pauUu1NjICclsai97YNAGOlyGFa5q7KeIhnD1DkzEB9m6idOX/uPKz24Kyn1IHmgtc+mcMHgJ7IPg==",
        "dependencies": {
          "YamlDotNet": "18.1.0"
        }
      },
      "Microsoft.Extensions.FileSystemGlobbing": {
        "type": "Direct",
        "requested": "[10.0.11, )",
        "resolved": "10.0.11",
        "contentHash": "2i6rtW/B5rCnWCnhdmWWEmaM9O0HD0zsPY9eRqa++y4tclI3Uw8zvGbBvhY/LjAdtf8gUHhUPcAWj3DRlWMXmQ=="
      },
      "YamlDotNet": {
        "type": "Transitive",
        "resolved": "18.1.0",
        "contentHash": "5K+9KFg2TdTl7VXv88Qzi/0lqK6JFoNP3lRuImPYGRV7K/QYklDyTrj4+A+KAki1JsQi6qKY+hDyY7d6WRqjrw=="
      },
      "agentweaver.domain": {
        "type": "Project"
      }
    }
  }
}