{
  "version": 1,
  "dependencies": {
    "net10.0": {
      "Azure.Identity": {
        "type": "Direct",
        "requested": "[1.13.2, )",
        "resolved": "1.13.2",
        "contentHash": "CngQVQELdzFmsGSWyGIPIUOCrII7nApMVWxVmJCKQQrWxRXcNquCsZ+njRJRnhFUfD+KMAhpjyRCaceE4EOL6A==",
        "dependencies": {
          "Azure.Core": "1.44.1",
          "Microsoft.Identity.Client": "4.67.2",
          "Microsoft.Identity.Client.Extensions.Msal": "4.67.2"
        }
      },
      "Azure.Monitor.OpenTelemetry.AspNetCore": {
        "type": "Direct",
        "requested": "[1.3.0, )",
        "resolved": "1.3.0",
        "contentHash": "OMWHBFq5n5xqEE0xUSpNejipgvzjIaQTdbDLVEtV7EwuUMe3AJvkoNqO0Lkcdzv9sYk6R50PrmEfVBzAMrHhFA==",
        "dependencies": {
          "Azure.Core": "1.46.1",
          "Azure.Monitor.OpenTelemetry.Exporter": "1.4.0",
          "OpenTelemetry.Extensions.Hosting": "1.12.0",
          "OpenTelemetry.Instrumentation.AspNetCore": "1.12.0",
          "OpenTelemetry.Instrumentation.Http": "1.12.0"
        }
      },
      "Azure.Monitor.OpenTelemetry.Exporter": {
        "type": "Direct",
        "requested": "[1.4.0, )",
        "resolved": "1.4.0",
        "contentHash": "oG4JO4uvtTibh83syZFgBCbWyKbbhrmGyyFnmzUMO7tmgrRdSdD4PHe8+TKdPZ7hNAVjySuColO6aJzbncZ02w==",
        "dependencies": {
          "Azure.Core": "1.46.0",
          "OpenTelemetry": "1.12.0",
          "OpenTelemetry.Extensions.Hosting": "1.12.0",
          "OpenTelemetry.PersistentStorage.FileSystem": "1.0.1"
        }
      },
      "Azure.Monitor.Query": {
        "type": "Direct",
        "requested": "[1.3.0, )",
        "resolved": "1.3.0",
        "contentHash": "x05iRSpYrDwnhye29V1SGfsJnKSQGG8Nk9k1guQ8vQaJ+aIvjsWLBxZzpXLIhqnI9cH53oU85HuImgxbE6TXZg==",
        "dependencies": {
          "Azure.Core": "1.38.0"
        }
      },
      "Azure.Security.KeyVault.Secrets": {
        "type": "Direct",
        "requested": "[4.7.0, )",
        "resolved": "4.7.0",
        "contentHash": "uOPCojkm41V4dKTORyGzl3/f/lriKpxSQ43fWDn4StRJBVmbF1F/DNWJhwm207kCnqgE/W9+tskJSimIKHCZkw==",
        "dependencies": {
          "Azure.Core": "1.44.1"
        }
      },
      "KubernetesClient": {
        "type": "Direct",
        "requested": "[19.0.2, )",
        "resolved": "19.0.2",
        "contentHash": "0m8FuzCDBygaXMbsb7qVapNZzTm4ftM7ECp/waTRh/XOUQziRF2rKJCRmsvYbBXgJkQvU+FBbkoa40hexzDC+g==",
        "dependencies": {
          "Fractions": "7.3.0",
          "YamlDotNet": "16.3.0"
        }
      },
      "LibGit2Sharp": {
        "type": "Direct",
        "requested": "[0.31.0, )",
        "resolved": "0.31.0",
        "contentHash": "b3+UfV7LjKMjAHWwl7VawejiOv2gJIC6dTCA/S0puLTHACAA/Oeb5JJmWUQMeyH/T/WR/LaIK8bk2RbdFnrZvg==",
        "dependencies": {
          "LibGit2Sharp.NativeBinaries": "[2.0.323]"
        }
      },
      "Microsoft.Agents.AI.Workflows": {
        "type": "Direct",
        "requested": "[1.11.1, )",
        "resolved": "1.11.1",
        "contentHash": "VLlU3Zl6tWvn8EFjqyyOUuWm391XBFQbqCHLrsvqoOf2w1NA3oNvXeqFgCJI8HqmnDXO5L4o/AtHrVxWglheag==",
        "dependencies": {
          "Microsoft.Agents.AI": "1.11.1",
          "Microsoft.Agents.AI.Abstractions": "1.11.1",
          "Microsoft.Extensions.AI": "10.6.0",
          "Microsoft.Extensions.AI.Abstractions": "10.6.0",
          "Microsoft.Extensions.AI.Evaluation": "10.6.0",
          "Microsoft.Extensions.Compliance.Abstractions": "10.5.0",
          "Microsoft.Extensions.VectorData.Abstractions": "9.7.0",
          "Microsoft.ML.Tokenizers": "2.0.0",
          "OpenTelemetry.Api": "1.15.3"
        }
      },
      "Microsoft.AspNetCore.OpenApi": {
        "type": "Direct",
        "requested": "[10.0.11, )",
        "resolved": "10.0.11",
        "contentHash": "R/1EATnPLU+gRfB6lwVkMcymmyAY5ppBBdRN/5lhNEiT3xP1sWccuSFkU/f1lQvN/WgRq5Vn8AhCdE3fqgsL/w==",
        "dependencies": {
          "Microsoft.OpenApi": "[2.7.5, 3.0.0)"
        }
      },
      "Microsoft.Data.Sqlite": {
        "type": "Direct",
        "requested": "[10.0.8, )",
        "resolved": "10.0.8",
        "contentHash": "iyDWyD6r/SnqgoYYQIlLhxL1ZIGZr+SByMXrJKSA1w7sOt7bPMJmN3h2laqwKqyQkjh/lUPJ7LTXwpvqzhggOQ==",
        "dependencies": {
          "Microsoft.Data.Sqlite.Core": "10.0.8",
          "SQLitePCLRaw.bundle_e_sqlite3": "2.1.11",
          "SQLitePCLRaw.core": "2.1.11"
        }
      },
      "Microsoft.EntityFrameworkCore.Design": {
        "type": "Direct",
        "requested": "[9.0.7, )",
        "resolved": "9.0.7",
        "contentHash": "zvZ2/bRwdPrBfQ2fRd2IQL6icyIOtosZSz2QpXtsn7M+c6e4GvpNfpSxBprLfoKhH6NeAFNV9ool0Vp/1DJd/A==",
        "dependencies": {
          "Humanizer.Core": "2.14.1",
          "Microsoft.Build.Framework": "17.8.3",
          "Microsoft.Build.Locator": "1.7.8",
          "Microsoft.CodeAnalysis.CSharp": "4.8.0",
          "Microsoft.CodeAnalysis.CSharp.Workspaces": "4.8.0",
          "Microsoft.CodeAnalysis.Workspaces.MSBuild": "4.8.0",
          "Microsoft.EntityFrameworkCore.Relational": "9.0.7",
          "Microsoft.Extensions.DependencyModel": "9.0.7",
          "Mono.TextTemplating": "3.0.0"
        }
      },
      "Microsoft.EntityFrameworkCore.Sqlite": {
        "type": "Direct",
        "requested": "[9.0.7, )",
        "resolved": "9.0.7",
        "contentHash": "87dAv0nX4rBIa29L7sZdUZ1FE4NDn9J51g6WJ+j5dTUQwNEg52YDEmo+/TxBtRnBSAca9boo80k8F7+LzUo2qQ==",
        "dependencies": {
          "Microsoft.EntityFrameworkCore.Sqlite.Core": "9.0.7",
          "Microsoft.Extensions.DependencyModel": "9.0.7",
          "SQLitePCLRaw.bundle_e_sqlite3": "2.1.10",
          "SQLitePCLRaw.core": "2.1.10"
        }
      },
      "Microsoft.EntityFrameworkCore.SqlServer": {
        "type": "Direct",
        "requested": "[9.0.7, )",
        "resolved": "9.0.7",
        "contentHash": "xNWKpPWY97Cm/+htOdlLprzaIVsZpjiBH7Bz94WqwwlpHzDMULQhT57jsvOxfgK4vphp2qWoJcmyU1mfmvlqTA==",
        "dependencies": {
          "Microsoft.Data.SqlClient": "5.1.6",
          "Microsoft.EntityFrameworkCore.Relational": "9.0.7"
        }
      },
      "Microsoft.Extensions.AI": {
        "type": "Direct",
        "requested": "[10.9.0, )",
        "resolved": "10.9.0",
        "contentHash": "ymREzi/+uQ9KL0d0ir3FXHUb/XLHyLYcJYH/7A/uO6rg6Km8hUk++nMRG4/gDpDYrrU6s6YIpSDTexofexMGRg==",
        "dependencies": {
          "Microsoft.Extensions.AI.Abstractions": "10.9.0",
          "System.Numerics.Tensors": "10.0.11"
        }
      },
      "Microsoft.Extensions.AI.OpenAI": {
        "type": "Direct",
        "requested": "[10.9.0, )",
        "resolved": "10.9.0",
        "contentHash": "1e2eO85ZpSBKarCTwRf1PmZJVGF09UJ23314bTmdxjFvY5LyHgeZNXcDU5S89upwnuGUbJSSnW8DXK3ntqbsMw==",
        "dependencies": {
          "Microsoft.Extensions.AI.Abstractions": "10.9.0",
          "OpenAI": "[2.12.0, 2.13.0)"
        }
      },
      "Microsoft.IdentityModel.JsonWebTokens": {
        "type": "Direct",
        "requested": "[8.3.0, )",
        "resolved": "8.3.0",
        "contentHash": "4SVXLT8sDG7CrHiszEBrsDYi+aDW0W9d+fuWUGdZPBdan56aM6fGXJDjbI0TVGEDjJhXbACQd8F/BnC7a+m2RQ==",
        "dependencies": {
          "Microsoft.IdentityModel.Tokens": "8.3.0"
        }
      },
      "Microsoft.IdentityModel.Tokens": {
        "type": "Direct",
        "requested": "[8.3.0, )",
        "resolved": "8.3.0",
        "contentHash": "yGzqmk+kInH50zeSEH/L1/J0G4/yqTQNq4YmdzOhpE7s/86tz37NS2YbbY2ievbyGjmeBI1mq26QH+yBR6AK3Q==",
        "dependencies": {
          "Microsoft.IdentityModel.Logging": "8.3.0"
        }
      },
      "Microsoft.OpenApi": {
        "type": "Direct",
        "requested": "[2.10.0, )",
        "resolved": "2.10.0",
        "contentHash": "tD7ve8JrWfJ+aRfW7J9yDj8t6pbMOzdr8nSc5BlIZaIRxqZZ67RJ8J69//Tx6HHSNFsqomBbipkPP20opnqvMg=="
      },
      "Npgsql.EntityFrameworkCore.PostgreSQL": {
        "type": "Direct",
        "requested": "[9.0.4, )",
        "resolved": "9.0.4",
        "contentHash": "mw5vcY2IEc7L+IeGrxpp/J5OSnCcjkjAgJYCm/eD52wpZze8zsSifdqV7zXslSMmfJG2iIUGZyo3KuDtEFKwMQ==",
        "dependencies": {
          "Microsoft.EntityFrameworkCore": "[9.0.1, 10.0.0)",
          "Microsoft.EntityFrameworkCore.Relational": "[9.0.1, 10.0.0)",
          "Npgsql": "9.0.3"
        }
      },
      "OpenTelemetry.Instrumentation.Http": {
        "type": "Direct",
        "requested": "[1.17.0, )",
        "resolved": "1.17.0",
        "contentHash": "uTwVtxIJ/xB96wGYTaDsbkJVeCFdUxTwvrlDUn2YJixy0UuKc8DvQMzwKNJMTzNFiiyYO9c40id6tUHTmWs33A==",
        "dependencies": {
          "OpenTelemetry.Api.ProviderBuilderExtensions": "[1.17.0, 2.0.0)"
        }
      },
      "SQLitePCLRaw.lib.e_sqlite3": {
        "type": "Direct",
        "requested": "[3.50.3, )",
        "resolved": "3.50.3",
        "contentHash": "tVyhqQ8wxgedWiiPFChyZhE8I3PkOM/AE1azsj1qsdYUws13ONBFyi3aDxju4tD2kzedB2q5+50WrTyY0h2gMQ=="
      },
      "YamlDotNet": {
        "type": "Direct",
        "requested": "[18.0.0, )",
        "resolved": "18.0.0",
        "contentHash": "ptHVgcYmLejGuWXV7RMFoEqFKYMXnieOlWLPzEslfDtzZ9ngMhjYwykfqjBN2+fMEAEyobozkj07lKEpR4dssA=="
      },
      "A2A": {
        "type": "Transitive",
        "resolved": "1.0.0-preview2",
        "contentHash": "sYFCdcwX/AdEoNSCCOWH8Upo+mmm82qDFXiwZqBBQoLhzQt4KCKvE8txmNaqGuNF8mSrfesSIuqf0rz7oPMl2Q==",
        "dependencies": {
          "Microsoft.Extensions.AI.Abstractions": "10.4.1"
        }
      },
      "Azure.AI.OpenAI": {
        "type": "Transitive",
        "resolved": "2.1.0",
        "contentHash": "doixr3tcsIcdzbzF9NxKt+6U0NKj6aPeOCPYONPsWjyf3gxVndVJAdjPcVdqeR/3vcRHXRgGnGlv+iXx5jMA4g==",
        "dependencies": {
          "Azure.Core": "1.44.1",
          "OpenAI": "2.1.0"
        }
      },
      "Azure.Core": {
        "type": "Transitive",
        "resolved": "1.46.1",
        "contentHash": "iE5DPOlGsN5kCkF4gN+vasN1RihO0Ypie92oQ5tohQYiokmnrrhLnee+3zcE8n7vB6ZAzhPTfUGAEXX/qHGkYA==",
        "dependencies": {
          "Microsoft.Bcl.AsyncInterfaces": "8.0.0",
          "System.ClientModel": "1.4.1",
          "System.Memory.Data": "6.0.1"
        }
      },
      "Fractions": {
        "type": "Transitive",
        "resolved": "7.3.0",
        "contentHash": "2bETFWLBc8b7Ut2SVi+bxhGVwiSpknHYGBh2PADyGWONLkTxT7bKyDRhF8ao+XUv90tq8Fl7GTPxSI5bacIRJw=="
      },
      "GitHub.Copilot.SDK": {
        "type": "Transitive",
        "resolved": "1.0.2",
        "contentHash": "u12oXKXcdozIfDuSS2BcaamMvkHLl6obP2Xw2t1BwmWFlCkcvTGbbxwe2RmIeM2vJND9ZDrmCK5t3ftSaZNVJQ==",
        "dependencies": {
          "Microsoft.Extensions.AI.Abstractions": "10.2.0"
        }
      },
      "Google.Protobuf": {
        "type": "Transitive",
        "resolved": "3.30.2",
        "contentHash": "Y2aOVLIt75yeeEWigg9V9YnjsEm53sADtLGq0gLhwaXpk3iu8tYSoauolyhenagA2sWno2TQ2WujI0HQd6s1Vw=="
      },
      "Humanizer.Core": {
        "type": "Transitive",
        "resolved": "2.14.1",
        "contentHash": "lQKvtaTDOXnoVJ20ibTuSIOf2i0uO0MPbDhd1jm238I+U/2ZnRENj0cktKZhtchBMtCUSRQ5v4xBCUbKNmyVMw=="
      },
      "LibGit2Sharp.NativeBinaries": {
        "type": "Transitive",
        "resolved": "2.0.323",
        "contentHash": "Kg+fJGWhGj5qRXG0Ilj4ddhuodGXZg57yhfX6OVUDR0M2DKg/UR42/d74+qv5l1qotc1qJilo/ho7xQnULP6yA=="
      },
      "Microsoft.AgentGovernance": {
        "type": "Transitive",
        "resolved": "4.0.0",
        "contentHash": "+KFzoPekc2xJIrwyXvgul7l42ubb3E3YLgkVHR6B9QCvNO0v95t2Ww8S4sF0YV2cBTSAZHBrbKLipCLx98Mc8A==",
        "dependencies": {
          "YamlDotNet": "18.0.0"
        }
      },
      "Microsoft.Agents.AI": {
        "type": "Transitive",
        "resolved": "1.11.1",
        "contentHash": "c12CNAae3xtpjCWfuBYXS4Ul/tM8XQf9yC0YhUR30OkXhdpgX++wf7Gez0poELS3EddZ0iy/BNp6of5TWP/21Q==",
        "dependencies": {
          "Microsoft.Agents.AI.Abstractions": "1.11.1",
          "Microsoft.Extensions.AI": "10.6.0",
          "Microsoft.Extensions.AI.Abstractions": "10.6.0",
          "Microsoft.Extensions.AI.Evaluation": "10.6.0",
          "Microsoft.Extensions.Compliance.Abstractions": "10.5.0",
          "Microsoft.Extensions.VectorData.Abstractions": "9.7.0",
          "Microsoft.ML.Tokenizers": "2.0.0"
        }
      },
      "Microsoft.Agents.AI.A2A": {
        "type": "Transitive",
        "resolved": "1.11.1-preview.260625.1",
        "contentHash": "JgBO/Zs9ejm0Px013JDGWUiz9KxLfIMEl4e4LC32sAwV0T+HqtFsbGEixLBjhM/XpaGYO5g05yNhGkpE0zFq+Q==",
        "dependencies": {
          "A2A": "1.0.0-preview2",
          "Microsoft.Agents.AI.Abstractions": "1.11.1",
          "Microsoft.Extensions.AI.Abstractions": "10.6.0"
        }
      },
      "Microsoft.Agents.AI.Abstractions": {
        "type": "Transitive",
        "resolved": "1.11.1",
        "contentHash": "VmTHbr2ilqF+NNVDk6Isl/h5e6QUpDzk9ZzhsFO2E5zv2UrIZmTunsRSfYP4Ou698SHrkPVvBh+dcNDW4bWsOw==",
        "dependencies": {
          "Microsoft.Extensions.AI.Abstractions": "10.6.0"
        }
      },
      "Microsoft.Agents.AI.GitHub.Copilot": {
        "type": "Transitive",
        "resolved": "1.11.1-rc1",
        "contentHash": "IhceBQBKWPB+fdPVq49awBhGstO9mOXRtxFXLIG014kdDWwSuaf6P10m6XakENy17/G/A0uUjt8slPQ6V8lyJw==",
        "dependencies": {
          "GitHub.Copilot.SDK": "1.0.0",
          "Microsoft.Agents.AI.Abstractions": "1.11.1",
          "Microsoft.Extensions.AI.Abstractions": "10.6.0"
        }
      },
      "Microsoft.Bcl.AsyncInterfaces": {
        "type": "Transitive",
        "resolved": "8.0.0",
        "contentHash": "3WA9q9yVqJp222P3x1wYIGDAkpjAku0TMUaaQV22g6L67AI0LdOIrVS7Ht2vJfLHGSPVuqN94vIr15qn+HEkHw=="
      },
      "Microsoft.Build.Framework": {
        "type": "Transitive",
        "resolved": "17.8.3",
        "contentHash": "NrQZJW8TlKVPx72yltGb8SVz3P5mNRk9fNiD/ao8jRSk48WqIIdCn99q4IjlVmPcruuQ+yLdjNQLL8Rb4c916g=="
      },
      "Microsoft.Build.Locator": {
        "type": "Transitive",
        "resolved": "1.7.8",
        "contentHash": "sPy10x527Ph16S2u0yGME4S6ohBKJ69WfjeGG/bvELYeZVmJdKjxgnlL8cJJJLGV/cZIRqSfB12UDB8ICakOog=="
      },
      "Microsoft.CodeAnalysis.Analyzers": {
        "type": "Transitive",
        "resolved": "3.3.4",
        "contentHash": "AxkxcPR+rheX0SmvpLVIGLhOUXAKG56a64kV9VQZ4y9gR9ZmPXnqZvHJnmwLSwzrEP6junUF11vuc+aqo5r68g=="
      },
      "Microsoft.CodeAnalysis.Common": {
        "type": "Transitive",
        "resolved": "4.8.0",
        "contentHash": "/jR+e/9aT+BApoQJABlVCKnnggGQbvGh7BKq2/wI1LamxC+LbzhcLj4Vj7gXCofl1n4E521YfF9w0WcASGg/KA==",
        "dependencies": {
          "Microsoft.CodeAnalysis.Analyzers": "3.3.4"
        }
      },
      "Microsoft.CodeAnalysis.CSharp": {
        "type": "Transitive",
        "resolved": "4.8.0",
        "contentHash": "+3+qfdb/aaGD8PZRCrsdobbzGs1m9u119SkkJt8e/mk3xLJz/udLtS2T6nY27OTXxBBw10HzAbC8Z9w08VyP/g==",
        "dependencies": {
          "Microsoft.CodeAnalysis.Common": "[4.8.0]"
        }
      },
      "Microsoft.CodeAnalysis.CSharp.Workspaces": {
        "type": "Transitive",
        "resolved": "4.8.0",
        "contentHash": "3amm4tq4Lo8/BGvg9p3BJh3S9nKq2wqCXfS7138i69TUpo/bD+XvD0hNurpEBtcNZhi1FyutiomKJqVF39ugYA==",
        "dependencies": {
          "Humanizer.Core": "2.14.1",
          "Microsoft.CodeAnalysis.CSharp": "[4.8.0]",
          "Microsoft.CodeAnalysis.Common": "[4.8.0]",
          "Microsoft.CodeAnalysis.Workspaces.Common": "[4.8.0]"
        }
      },
      "Microsoft.CodeAnalysis.Workspaces.Common": {
        "type": "Transitive",
        "resolved": "4.8.0",
        "contentHash": "LXyV+MJKsKRu3FGJA3OmSk40OUIa/dQCFLOnm5X8MNcujx7hzGu8o+zjXlb/cy5xUdZK2UKYb9YaQ2E8m9QehQ==",
        "dependencies": {
          "Humanizer.Core": "2.14.1",
          "Microsoft.Bcl.AsyncInterfaces": "7.0.0",
          "Microsoft.CodeAnalysis.Common": "[4.8.0]",
          "System.Composition": "7.0.0"
        }
      },
      "Microsoft.CodeAnalysis.Workspaces.MSBuild": {
        "type": "Transitive",
        "resolved": "4.8.0",
        "contentHash": "IEYreI82QZKklp54yPHxZNG9EKSK6nHEkeuf+0Asie9llgS1gp0V1hw7ODG+QyoB7MuAnNQHmeV1Per/ECpv6A==",
        "dependencies": {
          "Microsoft.Build.Framework": "16.10.0",
          "Microsoft.CodeAnalysis.Common": "[4.8.0]",
          "Microsoft.CodeAnalysis.Workspaces.Common": "[4.8.0]"
        }
      },
      "Microsoft.Data.SqlClient": {
        "type": "Transitive",
        "resolved": "5.1.6",
        "contentHash": "+pz7gIPh5ydsBcQvivt4R98PwJXer86fyQBBToIBLxZ5kuhW4N13Ijz87s9WpuPtF1vh4JesYCgpDPAOgkMhdg==",
        "dependencies": {
          "Azure.Identity": "1.11.4",
          "Microsoft.Data.SqlClient.SNI.runtime": "5.1.1",
          "Microsoft.Identity.Client": "4.61.3",
          "Microsoft.IdentityModel.JsonWebTokens": "6.35.0",
          "Microsoft.IdentityModel.Protocols.OpenIdConnect": "6.35.0",
          "Microsoft.SqlServer.Server": "1.0.0",
          "System.Configuration.ConfigurationManager": "6.0.1",
          "System.Runtime.Caching": "6.0.0"
        }
      },
      "Microsoft.Data.SqlClient.SNI.runtime": {
        "type": "Transitive",
        "resolved": "5.1.1",
        "contentHash": "wNGM5ZTQCa2blc9ikXQouybGiyMd6IHPVJvAlBEPtr6JepZEOYeDxGyprYvFVeOxlCXs7avridZQ0nYkHzQWCQ=="
      },
      "Microsoft.Data.Sqlite.Core": {
        "type": "Transitive",
        "resolved": "10.0.8",
        "contentHash": "26t7WDiEjjAls/sFpWvVEFDxt+7Q5VPt6+blU2Lafuj9L8PzAv/GtGV4cqVPtrhWbfD2BX/z2v8hD1qXYtK6Aw==",
        "dependencies": {
          "SQLitePCLRaw.core": "2.1.11"
        }
      },
      "Microsoft.EntityFrameworkCore": {
        "type": "Transitive",
        "resolved": "9.0.7",
        "contentHash": "PbD0q5ax15r91jD4TN7xbDCjldZSz4JfpYN4ZZjAkWeUyROkV92Ydg0O2/1keFA+2u3KPsDkJMmBKv2zQ06ZVg==",
        "dependencies": {
          "Microsoft.EntityFrameworkCore.Abstractions": "9.0.7",
          "Microsoft.EntityFrameworkCore.Analyzers": "9.0.7"
        }
      },
      "Microsoft.EntityFrameworkCore.Abstractions": {
        "type": "Transitive",
        "resolved": "9.0.7",
        "contentHash": "YUXNerEkCf4OANO+zjuMznpUW7R8XxSCqmBfYhBrbrJVc09i84KkNgeUTaOUXCGogSK/3d7ORRhMqfUobnejBg=="
      },
      "Microsoft.EntityFrameworkCore.Analyzers": {
        "type": "Transitive",
        "resolved": "9.0.7",
        "contentHash": "HqiPjAvjVOsyA1svnjL81/Wk2MRQYMK/lxKVWvw0f5IcA//VcxBepVSAqe7CFirdsPXqe8rFKEwZROWZTz7Jqw=="
      },
      "Microsoft.EntityFrameworkCore.Relational": {
        "type": "Transitive",
        "resolved": "9.0.7",
        "contentHash": "Yo5joquG7L79H5BhtpqP8apu+KFOAYfvmj0dZnVkPElBY14wY5qva0SOcrDWzYw5BrJrhIArfCcJCJHBvMYiKg==",
        "dependencies": {
          "Microsoft.EntityFrameworkCore": "9.0.7"
        }
      },
      "Microsoft.EntityFrameworkCore.Sqlite.Core": {
        "type": "Transitive",
        "resolved": "9.0.7",
        "contentHash": "DLB8n5Z7U8+xCkh+NSrvOlylCmveDg5RpPdqBftq5nU8Yt3vIdBg0X/YkESGDBWUL9h0vxuhgH2aqXL3FYz5tQ==",
        "dependencies": {
          "Microsoft.Data.Sqlite.Core": "9.0.7",
          "Microsoft.EntityFrameworkCore.Relational": "9.0.7",
          "Microsoft.Extensions.DependencyModel": "9.0.7",
          "SQLitePCLRaw.core": "2.1.10"
        }
      },
      "Microsoft.Extensions.AI.Abstractions": {
        "type": "Transitive",
        "resolved": "10.9.0",
        "contentHash": "//nASHMCJVxnYfE/WSzfaLOao6/q816kPpgB9rxU0gfSmAny1u3rfQT0D4xAmcIo4yQqJs7rAeBB+M/dIMdZYA=="
      },
      "Microsoft.Extensions.AI.Evaluation": {
        "type": "Transitive",
        "resolved": "10.6.0",
        "contentHash": "fHu9H93p7jM2KiXC/6Kd511Gly1rR/VVSIr0FpQ0K381KSHNkSKgp7UAceAPe8wuUMBNXlhcI0q8UocjneuBVg==",
        "dependencies": {
          "Microsoft.Extensions.AI.Abstractions": "10.6.0"
        }
      },
      "Microsoft.Extensions.Compliance.Abstractions": {
        "type": "Transitive",
        "resolved": "10.5.0",
        "contentHash": "xbWZji13Vb2jDJNtwVrKpI09jd8x3n3fL+GzhiLK+8O5Wc2A+GyqCZalST2fV46Pf0QfCwkXf83y+3/rDkCd7A=="
      },
      "Microsoft.Extensions.DependencyModel": {
        "type": "Transitive",
        "resolved": "9.0.7",
        "contentHash": "aXEt8QW1Fj9aC81GfkMtfip4wfbkEA7VBvNkx6Rx6ZKyqXIF/9qzRtH6v/2096IDK4lt6dlQp5Ajf+kjHfUdOA=="
      },
      "Microsoft.Extensions.VectorData.Abstractions": {
        "type": "Transitive",
        "resolved": "9.7.0",
        "contentHash": "Vth/omSCX2vR0JabzSRU/hdPhr0CvUVZlaS2lJPWHrEwvak8ntrQLDtLMtMiWKSvviGBe/WmjUW8gA3qqn9tjw==",
        "dependencies": {
          "Microsoft.Extensions.AI.Abstractions": "9.5.0"
        }
      },
      "Microsoft.Identity.Client": {
        "type": "Transitive",
        "resolved": "4.67.2",
        "contentHash": "37t0TfekfG6XM8kue/xNaA66Qjtti5Qe1xA41CK+bEd8VD76/oXJc+meFJHGzygIC485dCpKoamG/pDfb9Qd7Q==",
        "dependencies": {
          "Microsoft.IdentityModel.Abstractions": "6.35.0"
        }
      },
      "Microsoft.Identity.Client.Extensions.Msal": {
        "type": "Transitive",
        "resolved": "4.67.2",
        "contentHash": "DKs+Lva6csEUZabw+JkkjtFgVmcXh4pJeQy5KH5XzPOaKNoZhAMYj1qpKd97qYTZKXIFH12bHPk0DA+6krw+Cw==",
        "dependencies": {
          "Microsoft.Identity.Client": "4.67.2",
          "System.Security.Cryptography.ProtectedData": "4.5.0"
        }
      },
      "Microsoft.IdentityModel.Abstractions": {
        "type": "Transitive",
        "resolved": "8.3.0",
        "contentHash": "jNin7yvWZu+K3U24q+6kD+LmGSRfbkHl9Px8hN1XrGwq6ZHgKGi/zuTm5m08G27fwqKfVXIWuIcUeq4Y1VQUOg=="
      },
      "Microsoft.IdentityModel.Logging": {
        "type": "Transitive",
        "resolved": "8.3.0",
        "contentHash": "4w4pSIGHhCCLTHqtVNR2Cc/zbDIUWIBHTZCu/9ZHm2SVwrXY3RJMcZ7EFGiKqmKZMQZJzA0bpwCZ6R8Yb7i5VQ==",
        "dependencies": {
          "Microsoft.IdentityModel.Abstractions": "8.3.0"
        }
      },
      "Microsoft.IdentityModel.Protocols": {
        "type": "Transitive",
        "resolved": "6.35.0",
        "contentHash": "BPQhlDzdFvv1PzaUxNSk+VEPwezlDEVADIKmyxubw7IiELK18uJ06RQ9QKKkds30XI+gDu9n8j24XQ8w7fjWcg==",
        "dependencies": {
          "Microsoft.IdentityModel.Logging": "6.35.0",
          "Microsoft.IdentityModel.Tokens": "6.35.0"
        }
      },
      "Microsoft.IdentityModel.Protocols.OpenIdConnect": {
        "type": "Transitive",
        "resolved": "6.35.0",
        "contentHash": "LMtVqnECCCdSmyFoCOxIE5tXQqkOLrvGrL7OxHg41DIm1bpWtaCdGyVcTAfOQpJXvzND9zUKIN/lhngPkYR8vg==",
        "dependencies": {
          "Microsoft.IdentityModel.Protocols": "6.35.0",
          "System.IdentityModel.Tokens.Jwt": "6.35.0"
        }
      },
      "Microsoft.ML.Tokenizers": {
        "type": "Transitive",
        "resolved": "2.0.0",
        "contentHash": "+b8lT4cLLO/sBR2hjvE/qG6qrZG15h7/PBvnIrzTh4xDaAxdHUY6449rC+1pHzQUsBiCHZVbj+VMn+xS0sL7TA==",
        "dependencies": {
          "Google.Protobuf": "3.30.2"
        }
      },
      "Microsoft.SqlServer.Server": {
        "type": "Transitive",
        "resolved": "1.0.0",
        "contentHash": "N4KeF3cpcm1PUHym1RmakkzfkEv3GRMyofVv40uXsQhCQeglr2OHNcUk2WOG51AKpGO8ynGpo9M/kFXSzghwug=="
      },
      "Microsoft.Win32.SystemEvents": {
        "type": "Transitive",
        "resolved": "6.0.0",
        "contentHash": "hqTM5628jSsQiv+HGpiq3WKBl2c8v1KZfby2J6Pr7pEPlK9waPdgEO6b8A/+/xn/yZ9ulv8HuqK71ONy2tg67A=="
      },
      "ModelContextProtocol": {
        "type": "Transitive",
        "resolved": "0.3.0-preview.2",
        "contentHash": "tC4pwKzNPFXFqyqhAcq40QnkSF+md29UKGsaDkF9Pw8oinWqFoC3Nr9AF+YbpIWo8Jc6Nz9S7+LuJwqpZWfLOw==",
        "dependencies": {
          "ModelContextProtocol.Core": "0.3.0-preview.2"
        }
      },
      "ModelContextProtocol.Core": {
        "type": "Transitive",
        "resolved": "0.3.0-preview.2",
        "contentHash": "pM25u8vx2RximQMIU9/b0Nwg201SI4B87wNgaxO3FhAksWFbL7ApRcNdYnyj8qfwEdAY+wIksdYoIBcyb5Aipw==",
        "dependencies": {
          "Microsoft.Extensions.AI.Abstractions": "9.6.0"
        }
      },
      "Mono.TextTemplating": {
        "type": "Transitive",
        "resolved": "3.0.0",
        "contentHash": "YqueG52R/Xej4VVbKuRIodjiAhV0HR/XVbLbNrJhCZnzjnSjgMJ/dCdV0akQQxavX6hp/LC6rqLGLcXeQYU7XA==",
        "dependencies": {
          "System.CodeDom": "6.0.0"
        }
      },
      "Npgsql": {
        "type": "Transitive",
        "resolved": "9.0.3",
        "contentHash": "tPvY61CxOAWxNsKLEBg+oR646X4Bc8UmyQ/tJszL/7mEmIXQnnBhVJZrZEEUv0Bstu0mEsHZD5At3EO8zQRAYw=="
      },
      "NuGet.Versioning": {
        "type": "Transitive",
        "resolved": "6.13.2",
        "contentHash": "pGYNyvCVM+Z9jITTiJiuxFC8oJXFdh2k25ZDV4tSAOSuKyAWvh1VcfJy0WZGWdI6J7Avkbl0qra7XENYFSy4Ng=="
      },
      "OpenAI": {
        "type": "Transitive",
        "resolved": "2.12.0",
        "contentHash": "rKyVV0sJPo7pn0Ya5dgRs5ggGbjvnKcYSvYV2jITKgFIfeo2XHjgyi6UqNT/OnF0YBqjsNpPdgM6QjzYczWplg==",
        "dependencies": {
          "System.ClientModel": "1.14.0"
        }
      },
      "OpenTelemetry": {
        "type": "Transitive",
        "resolved": "1.12.0",
        "contentHash": "aIEu2O3xFOdwIVH0AJsIHPIMH1YuX18nzu7BHyaDNQ6NWSk4Zyrs9Pp6y8SATuSbvdtmvue4mj/QZ3838srbwA==",
        "dependencies": {
          "OpenTelemetry.Api.ProviderBuilderExtensions": "1.12.0"
        }
      },
      "OpenTelemetry.Api": {
        "type": "Transitive",
        "resolved": "1.17.0",
        "contentHash": "mSBxzomZgHIJu9CyVNqyDu/n2JHEtqVgfcCD1Br0cV5iLYogjZOMqhlVLt99PEp+0KGBNUR3GXgeOdN2GR3F9g=="
      },
      "OpenTelemetry.Api.ProviderBuilderExtensions": {
        "type": "Transitive",
        "resolved": "1.17.0",
        "contentHash": "Xgc3Qf9B9TFMFpx6exTdGqMWuYIT2miNzkdMPutVvT9YuMFaEovXWke1Gb6z8NxYaQbbGF38vYLuSg1JCeui5Q==",
        "dependencies": {
          "OpenTelemetry.Api": "1.17.0"
        }
      },
      "OpenTelemetry.Extensions.Hosting": {
        "type": "Transitive",
        "resolved": "1.12.0",
        "contentHash": "6/8O6rsJRwslg5/Fm3bscBelw4Yh9T9CN24p7cAsuEFkrmmeSO9gkYUCK02Qi+CmPM2KHYTLjKi0lJaCsDMWQA==",
        "dependencies": {
          "OpenTelemetry": "1.12.0"
        }
      },
      "OpenTelemetry.Instrumentation.AspNetCore": {
        "type": "Transitive",
        "resolved": "1.12.0",
        "contentHash": "r+Mzggd2P4N0Y34QIO6kakVPBOKFYSHnLkTrXXM+r37ABp+iaUvVUe+u/uxszsi5f7P5mrG0uYYaJ1QGHvzo3A==",
        "dependencies": {
          "OpenTelemetry.Api.ProviderBuilderExtensions": "[1.12.0, 2.0.0)"
        }
      },
      "OpenTelemetry.PersistentStorage.Abstractions": {
        "type": "Transitive",
        "resolved": "1.0.1",
        "contentHash": "LfXI2EoO7t2ku3hN6rIcUgqrdmNxKPG4pkgVa7Cakb9rlkmHYcqzMavLU5vy+G/txT+ZmLW9Z7TlptTqnrGEXg=="
      },
      "OpenTelemetry.PersistentStorage.FileSystem": {
        "type": "Transitive",
        "resolved": "1.0.1",
        "contentHash": "RR1UziU+PYWYe+cwGZtSpdF43zv60GPP+WU0epR8xzZuA5FoxceCa+tYTh8iDqTYvy6F+jUzRe74dg/YAZ437Q==",
        "dependencies": {
          "OpenTelemetry.PersistentStorage.Abstractions": "1.0.1"
        }
      },
      "Porta.Pty": {
        "type": "Transitive",
        "resolved": "1.0.7",
        "contentHash": "ARvF8LQTu9qPK7O+i9Mb0bZPuYTt7tdBhhFdCq3FmghIEasJYN3hHToKX6uWaSI6SEOpe2kmhinV74RzdN6gJg==",
        "dependencies": {
          "Vanara.PInvoke.Kernel32": "4.2.1"
        }
      },
      "Sabbour.Mxc.Sdk": {
        "type": "Transitive",
        "resolved": "0.1.2",
        "contentHash": "2YCLNowN+QRJR1YxvtzpcBIOTKsIWGj1hIyS7X0aBosoBXYASf7EN91Bq1HPpDKg3dLH6svkl2Eho2ytOtrjTg==",
        "dependencies": {
          "NuGet.Versioning": "6.13.2",
          "Porta.Pty": "1.0.7"
        }
      },
      "SQLitePCLRaw.bundle_e_sqlite3": {
        "type": "Transitive",
        "resolved": "2.1.11",
        "contentHash": "DC4nA7yWnf4UZdgJDF+9Mus4/cb0Y3Sfgi3gDnAoKNAIBwzkskNAbNbyu+u4atT0ruVlZNJfwZmwiEwE5oz9LQ==",
        "dependencies": {
          "SQLitePCLRaw.lib.e_sqlite3": "2.1.11",
          "SQLitePCLRaw.provider.e_sqlite3": "2.1.11"
        }
      },
      "SQLitePCLRaw.core": {
        "type": "Transitive",
        "resolved": "2.1.11",
        "contentHash": "PK0GLFkfhZzLQeR3PJf71FmhtHox+U3vcY6ZtswoMjrefkB9k6ErNJEnwXqc5KgXDSjige2XXrezqS39gkpQKA=="
      },
      "SQLitePCLRaw.provider.e_sqlite3": {
        "type": "Transitive",
        "resolved": "2.1.11",
        "contentHash": "Y/0ZkR+r0Cg3DQFuCl1RBnv/tmxpIZRU3HUvelPw6MVaKHwYYR8YNvgs0vuNuXCMvlyJ+Fh88U1D4tah1tt6qw==",
        "dependencies": {
          "SQLitePCLRaw.core": "2.1.11"
        }
      },
      "System.ClientModel": {
        "type": "Transitive",
        "resolved": "1.14.0",
        "contentHash": "yhIJHDW3Hh5kcvhHv3ww1T8qvya06Nlwo/SR/rke4/fHXtyKiqQV/9b/VDhnVI7QUcMnpfvh4pIEFhNsTDLeKQ==",
        "dependencies": {
          "System.Memory.Data": "10.0.3"
        }
      },
      "System.CodeDom": {
        "type": "Transitive",
        "resolved": "6.0.0",
        "contentHash": "CPc6tWO1LAer3IzfZufDBRL+UZQcj5uS207NHALQzP84Vp/z6wF0Aa0YZImOQY8iStY0A2zI/e3ihKNPfUm8XA=="
      },
      "System.Composition": {
        "type": "Transitive",
        "resolved": "7.0.0",
        "contentHash": "tRwgcAkDd85O8Aq6zHDANzQaq380cek9lbMg5Qma46u5BZXq/G+XvIYmu+UI+BIIZ9zssXLYrkTykEqxxvhcmg==",
        "dependencies": {
          "System.Composition.AttributedModel": "7.0.0",
          "System.Composition.Convention": "7.0.0",
          "System.Composition.Hosting": "7.0.0",
          "System.Composition.Runtime": "7.0.0",
          "System.Composition.TypedParts": "7.0.0"
        }
      },
      "System.Composition.AttributedModel": {
        "type": "Transitive",
        "resolved": "7.0.0",
        "contentHash": "2QzClqjElKxgI1jK1Jztnq44/8DmSuTSGGahXqQ4TdEV0h9s2KikQZIgcEqVzR7OuWDFPGLHIprBJGQEPr8fAQ=="
      },
      "System.Composition.Convention": {
        "type": "Transitive",
        "resolved": "7.0.0",
        "contentHash": "IMhTlpCs4HmlD8B+J8/kWfwX7vrBBOs6xyjSTzBlYSs7W4OET4tlkR/Sg9NG8jkdJH9Mymq0qGdYS1VPqRTBnQ==",
        "dependencies": {
          "System.Composition.AttributedModel": "7.0.0"
        }
      },
      "System.Composition.Hosting": {
        "type": "Transitive",
        "resolved": "7.0.0",
        "contentHash": "eB6gwN9S+54jCTBJ5bpwMOVerKeUfGGTYCzz3QgDr1P55Gg/Wb27ShfPIhLMjmZ3MoAKu8uUSv6fcCdYJTN7Bg==",
        "dependencies": {
          "System.Composition.Runtime": "7.0.0"
        }
      },
      "System.Composition.Runtime": {
        "type": "Transitive",
        "resolved": "7.0.0",
        "contentHash": "aZJ1Zr5Txe925rbo4742XifEyW0MIni1eiUebmcrP3HwLXZ3IbXUj4MFMUH/RmnJOAQiS401leg/2Sz1MkApDw=="
      },
      "System.Composition.TypedParts": {
        "type": "Transitive",
        "resolved": "7.0.0",
        "contentHash": "ZK0KNPfbtxVceTwh+oHNGUOYV2WNOHReX2AXipuvkURC7s/jPwoWfsu3SnDBDgofqbiWr96geofdQ2erm/KTHg==",
        "dependencies": {
          "System.Composition.AttributedModel": "7.0.0",
          "System.Composition.Hosting": "7.0.0",
          "System.Composition.Runtime": "7.0.0"
        }
      },
      "System.Configuration.ConfigurationManager": {
        "type": "Transitive",
        "resolved": "6.0.1",
        "contentHash": "jXw9MlUu/kRfEU0WyTptAVueupqIeE3/rl0EZDMlf8pcvJnitQ8HeVEp69rZdaStXwTV72boi/Bhw8lOeO+U2w==",
        "dependencies": {
          "System.Security.Cryptography.ProtectedData": "6.0.0",
          "System.Security.Permissions": "6.0.0"
        }
      },
      "System.Drawing.Common": {
        "type": "Transitive",
        "resolved": "6.0.0",
        "contentHash": "NfuoKUiP2nUWwKZN6twGqXioIe1zVD0RIj2t976A+czLHr2nY454RwwXs6JU9Htc6mwqL6Dn/nEL3dpVf2jOhg==",
        "dependencies": {
          "Microsoft.Win32.SystemEvents": "6.0.0"
        }
      },
      "System.IdentityModel.Tokens.Jwt": {
        "type": "Transitive",
        "resolved": "6.35.0",
        "contentHash": "yxGIQd3BFK7F6S62/7RdZk3C/mfwyVxvh6ngd1VYMBmbJ1YZZA9+Ku6suylVtso0FjI0wbElpJ0d27CdsyLpBQ==",
        "dependencies": {
          "Microsoft.IdentityModel.JsonWebTokens": "6.35.0",
          "Microsoft.IdentityModel.Tokens": "6.35.0"
        }
      },
      "System.Memory.Data": {
        "type": "Transitive",
        "resolved": "10.0.3",
        "contentHash": "MaGhRfGunmrj/nHjtsi9XkhlYJ/ERGWrbA+BiSKNtGnAjc9XlG5EhAvak6VRcX5LYzPF6pBO8nJ613dTgzabig=="
      },
      "System.Numerics.Tensors": {
        "type": "Transitive",
        "resolved": "10.0.11",
        "contentHash": "4jNNt67NhCqf3bf2FN0mrsC+EH60L7Sny6poqVeiviB27Kw7TQzMmgn8HIaPc8E9EcuGusUyfeu21gLfzcBpDA=="
      },
      "System.Runtime.Caching": {
        "type": "Transitive",
        "resolved": "6.0.0",
        "contentHash": "E0e03kUp5X2k+UAoVl6efmI7uU7JRBWi5EIdlQ7cr0NpBGjHG4fWII35PgsBY9T4fJQ8E4QPsL0rKksU9gcL5A==",
        "dependencies": {
          "System.Configuration.ConfigurationManager": "6.0.0"
        }
      },
      "System.Security.Cryptography.ProtectedData": {
        "type": "Transitive",
        "resolved": "6.0.0",
        "contentHash": "rp1gMNEZpvx9vP0JW0oHLxlf8oSiQgtno77Y4PLUBjSiDYoD77Y8uXHr1Ea5XG4/pIKhqAdxZ8v8OTUtqo9PeQ=="
      },
      "System.Security.Permissions": {
        "type": "Transitive",
        "resolved": "6.0.0",
        "contentHash": "T/uuc7AklkDoxmcJ7LGkyX1CcSviZuLCa4jg3PekfJ7SU0niF0IVTXwUiNVP9DSpzou2PpxJ+eNY2IfDM90ZCg==",
        "dependencies": {
          "System.Windows.Extensions": "6.0.0"
        }
      },
      "System.Windows.Extensions": {
        "type": "Transitive",
        "resolved": "6.0.0",
        "contentHash": "IXoJOXIqc39AIe+CIR7koBtRGMiCt/LPM3lI+PELtDIy9XdyeSrwXFdWV9dzJ2Awl0paLWUaknLxFQ5HpHZUog==",
        "dependencies": {
          "System.Drawing.Common": "6.0.0"
        }
      },
      "Vanara.Core": {
        "type": "Transitive",
        "resolved": "4.2.1",
        "contentHash": "S6Hk/up/27HfKK2PaXx0oWE8szV0dktT0u2n5xL7iNFbS/zC7K7ZA7i1h6I8LpHwQNbvPddWewb/mSEmZl00/Q=="
      },
      "Vanara.PInvoke.Kernel32": {
        "type": "Transitive",
        "resolved": "4.2.1",
        "contentHash": "RDHekPrUI+u8+3Iy6/X7wV+TDTSf+OwWLhmWhQBUgk2QfK6a0jjWzJvxowC6NQXCHk18s7z3cFaoQXlnbMymqg==",
        "dependencies": {
          "Vanara.Core": "4.2.1",
          "Vanara.PInvoke.Shared": "4.2.1"
        }
      },
      "Vanara.PInvoke.Shared": {
        "type": "Transitive",
        "resolved": "4.2.1",
        "contentHash": "EVLvS02V6mL3xWo4cMv0OCo5H3uVR0eWxb0TtfcoI/SVaCKYWi1F000nax+uuEBJGmS90cfpYDvsgPn408b2ag==",
        "dependencies": {
          "Vanara.Core": "4.2.1"
        }
      },
      "agentweaver.agentruntime": {
        "type": "Project",
        "dependencies": {
          "Agentweaver.AgentTools": "[1.0.0, )",
          "Agentweaver.Domain": "[1.0.0, )",
          "Agentweaver.SandboxExec": "[1.0.0, )",
          "Agentweaver.SandboxFs": "[1.0.0, )",
          "Azure.AI.OpenAI": "[2.1.0, )",
          "GitHub.Copilot.SDK": "[1.0.2, )",
          "Microsoft.AgentGovernance": "[4.0.0, 5.0.0)",
          "Microsoft.Agents.AI.A2A": "[1.11.1-preview.260625.1, )",
          "Microsoft.Agents.AI.GitHub.Copilot": "[1.11.1-rc1, )",
          "Microsoft.Agents.AI.Workflows": "[1.11.1, )",
          "Microsoft.Extensions.AI": "[10.9.0, )",
          "Microsoft.Extensions.AI.OpenAI": "[10.9.0, )",
          "ModelContextProtocol": "[0.3.0-preview.2, )"
        }
      },
      "agentweaver.agenttools": {
        "type": "Project",
        "dependencies": {
          "Agentweaver.Domain": "[1.0.0, )",
          "Agentweaver.SandboxExec": "[1.0.0, )",
          "Agentweaver.SandboxFs": "[1.0.0, )",
          "Microsoft.Extensions.AI": "[10.9.0, )"
        }
      },
      "agentweaver.api.data": {
        "type": "Project",
        "dependencies": {
          "Microsoft.EntityFrameworkCore.Sqlite": "[9.0.7, )",
          "Npgsql.EntityFrameworkCore.PostgreSQL": "[9.0.4, )",
          "SQLitePCLRaw.lib.e_sqlite3": "[3.50.3, )"
        }
      },
      "agentweaver.api.migrations.postgres": {
        "type": "Project",
        "dependencies": {
          "Agentweaver.Api.Data": "[1.0.0, )",
          "Microsoft.EntityFrameworkCore.Relational": "[9.0.7, )",
          "Npgsql.EntityFrameworkCore.PostgreSQL": "[9.0.4, )"
        }
      },
      "agentweaver.domain": {
        "type": "Project"
      },
      "agentweaver.sandboxexec": {
        "type": "Project",
        "dependencies": {
          "Agentweaver.Domain": "[1.0.0, )",
          "Agentweaver.SandboxFs": "[1.0.0, )",
          "Sabbour.Mxc.Sdk": "[0.1.2, )"
        }
      },
      "agentweaver.sandboxfs": {
        "type": "Project",
        "dependencies": {
          "Agentweaver.Domain": "[1.0.0, )",
          "Microsoft.AgentGovernance": "[4.0.0, )"
        }
      },
      "agentweaver.squad": {
        "type": "Project",
        "dependencies": {
          "Agentweaver.Domain": "[1.0.0, )",
          "Agentweaver.SandboxFs": "[1.0.0, )",
          "LibGit2Sharp": "[0.31.0, )"
        }
      }
    }
  }
}