{
  "version": 1,
  "dependencies": {
    "net10.0": {
      "Azure.Identity": {
        "type": "Direct",
        "requested": "[1.17.1, )",
        "resolved": "1.17.1",
        "contentHash": "MSZkBrctcpiGxs9Cvr2VKKoN6qFLZlP3I6xuCWJ9iTgitI5Rgxtk5gfOSpXPZE3+CJmZ/mnqpQyGyjawFn5Vvg==",
        "dependencies": {
          "Azure.Core": "1.50.0",
          "Microsoft.Identity.Client": "4.78.0",
          "Microsoft.Identity.Client.Extensions.Msal": "4.78.0"
        }
      },
      "Microsoft.AspNetCore.Authentication.JwtBearer": {
        "type": "Direct",
        "requested": "[10.0.0, )",
        "resolved": "10.0.0",
        "contentHash": "0BgDfT1GoZnzjJOBwx5vFMK5JtqsTEas9pCEwd1/KKxNUAqFmreN60WeUoF+CsmSd9tOQuqWedvdBo/QqHuNTQ==",
        "dependencies": {
          "Microsoft.IdentityModel.Protocols.OpenIdConnect": "8.0.1"
        }
      },
      "Microsoft.Azure.Cosmos": {
        "type": "Direct",
        "requested": "[3.63.2, )",
        "resolved": "3.63.2",
        "contentHash": "7XOKbtu3ghboTMNeIOtY6ULY7Re2xNdhZuyOnWDvA1ye9xnQF8I+4A/rwJdm59wlO1AN0CF2gUBEYSU2208sBA==",
        "dependencies": {
          "Azure.Core": "1.44.1",
          "Microsoft.Bcl.AsyncInterfaces": "6.0.0",
          "Microsoft.Bcl.HashCode": "1.1.0",
          "System.Configuration.ConfigurationManager": "6.0.0"
        }
      },
      "Newtonsoft.Json": {
        "type": "Direct",
        "requested": "[13.0.4, )",
        "resolved": "13.0.4",
        "contentHash": "pdgNNMai3zv51W5aq268sujXUyx7SNdE2bj1wZcWjAQrKMFZV260lbqYop1d2GM67JI1huLRwxo9ZqnfF/lC6A=="
      },
      "Azure.Core": {
        "type": "Transitive",
        "resolved": "1.50.0",
        "contentHash": "GBNKZEhdIbTXxedvD3R7I/yDVFX9jJJEz02kCziFSJxspSQ5RMHc3GktulJ1s7+ffXaXD7kMgrtdQTaggyInLw==",
        "dependencies": {
          "Microsoft.Bcl.AsyncInterfaces": "8.0.0",
          "System.ClientModel": "1.8.0",
          "System.Memory.Data": "8.0.1"
        }
      },
      "Microsoft.Bcl.AsyncInterfaces": {
        "type": "Transitive",
        "resolved": "8.0.0",
        "contentHash": "3WA9q9yVqJp222P3x1wYIGDAkpjAku0TMUaaQV22g6L67AI0LdOIrVS7Ht2vJfLHGSPVuqN94vIr15qn+HEkHw=="
      },
      "Microsoft.Bcl.HashCode": {
        "type": "Transitive",
        "resolved": "1.1.0",
        "contentHash": "J2G1k+u5unBV+aYcwxo94ip16Rkp65pgWFb0R6zwJipzWNMgvqlWeuI7/+R+e8bob66LnSG+llLJ+z8wI94cHg=="
      },
      "Microsoft.Identity.Client": {
        "type": "Transitive",
        "resolved": "4.78.0",
        "contentHash": "vZ50HE9INSN+Ew8pCgTm0t7wzxQTqozF9L4MAsl64etXz0Teo0dbUvjpVzqDHRs6m1Vn8mHF04fGaxXrIvGpsg==",
        "dependencies": {
          "Microsoft.IdentityModel.Abstractions": "8.14.0"
        }
      },
      "Microsoft.Identity.Client.Extensions.Msal": {
        "type": "Transitive",
        "resolved": "4.78.0",
        "contentHash": "DYU9o+DrDQuyZxeq91GBA9eNqBvA3ZMkLzQpF7L9dTk6FcIBM1y1IHXWqiKXTvptPF7CZE59upbyUoa+FJ5eiA==",
        "dependencies": {
          "Microsoft.Identity.Client": "4.78.0",
          "System.Security.Cryptography.ProtectedData": "4.5.0"
        }
      },
      "Microsoft.IdentityModel.Abstractions": {
        "type": "Transitive",
        "resolved": "8.14.0",
        "contentHash": "iwbCpSjD3ehfTwBhtSNEtKPK0ICun6ov7Ibx6ISNA9bfwIyzI2Siwyi9eJFCJBwxowK9xcA1mj+jBWiigeqgcQ=="
      },
      "Microsoft.IdentityModel.JsonWebTokens": {
        "type": "Transitive",
        "resolved": "8.0.1",
        "contentHash": "s6++gF9x0rQApQzOBbSyp4jUaAlwm+DroKfL8gdOHxs83k8SJfUXhuc46rDB3rNXBQ1MVRxqKUrqFhO/M0E97g==",
        "dependencies": {
          "Microsoft.IdentityModel.Tokens": "8.0.1"
        }
      },
      "Microsoft.IdentityModel.Logging": {
        "type": "Transitive",
        "resolved": "8.0.1",
        "contentHash": "UCPF2exZqBXe7v/6sGNiM6zCQOUXXQ9+v5VTb9gPB8ZSUPnX53BxlN78v2jsbIvK9Dq4GovQxo23x8JgWvm/Qg==",
        "dependencies": {
          "Microsoft.IdentityModel.Abstractions": "8.0.1"
        }
      },
      "Microsoft.IdentityModel.Protocols": {
        "type": "Transitive",
        "resolved": "8.0.1",
        "contentHash": "uA2vpKqU3I2mBBEaeJAWPTjT9v1TZrGWKdgK6G5qJd03CLx83kdiqO9cmiK8/n1erkHzFBwU/RphP83aAe3i3g==",
        "dependencies": {
          "Microsoft.IdentityModel.Tokens": "8.0.1"
        }
      },
      "Microsoft.IdentityModel.Protocols.OpenIdConnect": {
        "type": "Transitive",
        "resolved": "8.0.1",
        "contentHash": "AQDbfpL+yzuuGhO/mQhKNsp44pm5Jv8/BI4KiFXR7beVGZoSH35zMV3PrmcfvSTsyI6qrcR898NzUauD6SRigg==",
        "dependencies": {
          "Microsoft.IdentityModel.Protocols": "8.0.1",
          "System.IdentityModel.Tokens.Jwt": "8.0.1"
        }
      },
      "Microsoft.IdentityModel.Tokens": {
        "type": "Transitive",
        "resolved": "8.0.1",
        "contentHash": "kDimB6Dkd3nkW2oZPDkMkVHfQt3IDqO5gL0oa8WVy3OP4uE8Ij+8TXnqg9TOd9ufjsY3IDiGz7pCUbnfL18tjg==",
        "dependencies": {
          "Microsoft.IdentityModel.Logging": "8.0.1"
        }
      },
      "Microsoft.Win32.SystemEvents": {
        "type": "Transitive",
        "resolved": "6.0.0",
        "contentHash": "hqTM5628jSsQiv+HGpiq3WKBl2c8v1KZfby2J6Pr7pEPlK9waPdgEO6b8A/+/xn/yZ9ulv8HuqK71ONy2tg67A=="
      },
      "Npgsql": {
        "type": "Transitive",
        "resolved": "10.0.3",
        "contentHash": "7nb5YzXuvWWJxB0J8DiyL3we+X4FOctZrt0fIBnucOIaIevFEEwGQVZKtiu9olXdlNAK1eNgqSral6r/jlhI4w=="
      },
      "OpenTelemetry": {
        "type": "Transitive",
        "resolved": "1.15.3",
        "contentHash": "N0i6WjPoHPbZyms1ugbDIFAJFuGlpeExJMU/+XSL0lQRUkg/D0utFkDoLXf8Z1km5B+xVZ2GyMXXiX8qdeNmPg==",
        "dependencies": {
          "OpenTelemetry.Api.ProviderBuilderExtensions": "1.15.3"
        }
      },
      "OpenTelemetry.Api": {
        "type": "Transitive",
        "resolved": "1.15.3",
        "contentHash": "fX+fkCysfPut+qCcT3bKqyX4QN9Saf4CgX8HLOHywEVD+Xr7sULtfuypITpoDysjx8R59dn/3mWhgimMH8cm/g=="
      },
      "OpenTelemetry.Api.ProviderBuilderExtensions": {
        "type": "Transitive",
        "resolved": "1.15.3",
        "contentHash": "SYn0lqYDwLMWhv/zlNGsQcl2yX++yTumanX46bmOZE/ZDOd1WjPBO2kZaZgKLEZTZk48pavIFGJ6vOvxXgWVFQ==",
        "dependencies": {
          "OpenTelemetry.Api": "1.15.3"
        }
      },
      "OpenTelemetry.Extensions.Hosting": {
        "type": "Transitive",
        "resolved": "1.15.3",
        "contentHash": "u8n/W8yIlqv0BXZmvId1iVaeWXG42tGKdTkuLYg5g57Y/r9CeUNzqtrSHNdG5IoO8iPX79w3v+WsbAHgUQbfeg==",
        "dependencies": {
          "OpenTelemetry": "1.15.3"
        }
      },
      "System.ClientModel": {
        "type": "Transitive",
        "resolved": "1.8.0",
        "contentHash": "AqRzhn0v29GGGLj/Z6gKq4lGNtvPHT4nHdG5PDJh9IfVjv/nYUVmX11hwwws1vDFeIAzrvmn0dPu8IjLtu6fAw==",
        "dependencies": {
          "System.Memory.Data": "8.0.1"
        }
      },
      "System.Configuration.ConfigurationManager": {
        "type": "Transitive",
        "resolved": "6.0.0",
        "contentHash": "7T+m0kDSlIPTHIkPMIu6m6tV6qsMqJpvQWW2jIc2qi7sn40qxFo0q+7mEQAhMPXZHMKnWrnv47ntGlM/ejvw3g==",
        "dependencies": {
          "System.Security.Cryptography.ProtectedData": "6.0.0",
          "System.Security.Permissions": "6.0.0"
        }
      },
      "System.Drawing.Common": {
        "type": "Transitive",
        "resolved": "6.0.0",
        "contentHash": "NfuoKUiP2nUWwKZN6twGqXioIe1zVD0RIj2t976A+czLHr2nY454RwwXs6JU9Htc6mwqL6Dn/nEL3dpVf2jOhg==",
        "dependencies": {
          "Microsoft.Win32.SystemEvents": "6.0.0"
        }
      },
      "System.IdentityModel.Tokens.Jwt": {
        "type": "Transitive",
        "resolved": "8.0.1",
        "contentHash": "GJw3bYkWpOgvN3tJo5X4lYUeIFA2HD293FPUhKmp7qxS+g5ywAb34Dnd3cDAFLkcMohy5XTpoaZ4uAHuw0uSPQ==",
        "dependencies": {
          "Microsoft.IdentityModel.JsonWebTokens": "8.0.1",
          "Microsoft.IdentityModel.Tokens": "8.0.1"
        }
      },
      "System.Memory.Data": {
        "type": "Transitive",
        "resolved": "8.0.1",
        "contentHash": "BVYuec3jV23EMRDeR7Dr1/qhx7369dZzJ9IWy2xylvb4YfXsrUxspWc4UWYid/tj4zZK58uGZqn2WQiaDMhmAg=="
      },
      "System.Security.Cryptography.ProtectedData": {
        "type": "Transitive",
        "resolved": "6.0.0",
        "contentHash": "rp1gMNEZpvx9vP0JW0oHLxlf8oSiQgtno77Y4PLUBjSiDYoD77Y8uXHr1Ea5XG4/pIKhqAdxZ8v8OTUtqo9PeQ=="
      },
      "System.Security.Permissions": {
        "type": "Transitive",
        "resolved": "6.0.0",
        "contentHash": "T/uuc7AklkDoxmcJ7LGkyX1CcSviZuLCa4jg3PekfJ7SU0niF0IVTXwUiNVP9DSpzou2PpxJ+eNY2IfDM90ZCg==",
        "dependencies": {
          "System.Windows.Extensions": "6.0.0"
        }
      },
      "System.Windows.Extensions": {
        "type": "Transitive",
        "resolved": "6.0.0",
        "contentHash": "IXoJOXIqc39AIe+CIR7koBtRGMiCt/LPM3lI+PELtDIy9XdyeSrwXFdWV9dzJ2Awl0paLWUaknLxFQ5HpHZUog==",
        "dependencies": {
          "System.Drawing.Common": "6.0.0"
        }
      },
      "agentweaver.abstractions": {
        "type": "Project"
      },
      "agentweaver.persistence.postgres": {
        "type": "Project",
        "dependencies": {
          "Npgsql": "[10.0.3, )"
        }
      },
      "agentweaver.providers": {
        "type": "Project",
        "dependencies": {
          "Agentweaver.Abstractions": "[0.0.0, )"
        }
      },
      "agentweaver.telemetry": {
        "type": "Project",
        "dependencies": {
          "OpenTelemetry.Extensions.Hosting": "[1.15.3, )"
        }
      }
    }
  }
}